<?xml version="1.0" encoding="utf-8"?>
<Project ToolsVersion="4.0" xmlns="http://schemas.microsoft.com/developer/msbuild/2003">
  <ItemGroup>
    <Filter Include="AutLib">
      <UniqueIdentifier>{8e1df9e5-e5f6-4b13-a878-60ecb5e44427}</UniqueIdentifier>
    </Filter>
    <Filter Include="AutLib\MeshAft">
      <UniqueIdentifier>{248e8c01-cf92-41b8-8585-7d45986bd2a6}</UniqueIdentifier>
    </Filter>
    <Filter Include="AutLib\MeshAft\Api">
      <UniqueIdentifier>{a715dedb-68e4-42fd-b3a2-a7c054ca0615}</UniqueIdentifier>
    </Filter>
    <Filter Include="AutLib\MeshAft\Api\Curves">
      <UniqueIdentifier>{9695467d-6525-454e-bf76-882658be4e30}</UniqueIdentifier>
    </Filter>
    <Filter Include="AutLib\MeshAft\Api\Boundary">
      <UniqueIdentifier>{009f2d7b-436d-4250-97c0-ba7a440db4c4}</UniqueIdentifier>
    </Filter>
    <Filter Include="AutLib\MeshAft\Api\Model">
      <UniqueIdentifier>{8805d6f3-f363-4312-8e61-70ba37c7e6e8}</UniqueIdentifier>
    </Filter>
    <Filter Include="AutLib\MeshAft\Api\Model\Base">
      <UniqueIdentifier>{23be518f-ecc8-47d1-8f51-861c3e9c85e8}</UniqueIdentifier>
    </Filter>
    <Filter Include="AutLib\MeshAft\Api\Model\Traits">
      <UniqueIdentifier>{7788a66b-aaa5-445e-ab4e-565ce9976240}</UniqueIdentifier>
    </Filter>
  </ItemGroup>
  <ItemGroup>
    <ClInclude Include="MeshAft\Api\Curves\AftApi_BndCurves.hxx">
      <Filter>AutLib\MeshAft\Api\Curves</Filter>
    </ClInclude>
    <ClInclude Include="MeshAft\Api\Boundary\AftApi_Boundary.hxx">
      <Filter>AutLib\MeshAft\Api\Boundary</Filter>
    </ClInclude>
    <ClInclude Include="MeshAft\Api\Model\AftApi_Model.hxx">
      <Filter>AutLib\MeshAft\Api\Model</Filter>
    </ClInclude>
    <ClInclude Include="MeshAft\Api\Model\Traits\AftApi_Model_Traits.hxx">
      <Filter>AutLib\MeshAft\Api\Model\Traits</Filter>
    </ClInclude>
  </ItemGroup>
  <ItemGroup>
    <ClCompile Include="MeshAft\Api\Curves\AftApi_BndCurves.cxx">
      <Filter>AutLib\MeshAft\Api\Curves</Filter>
    </ClCompile>
  </ItemGroup>
</Project>