<?xml version="1.0" encoding="utf-8"?>
<Project ToolsVersion="4.0" xmlns="http://schemas.microsoft.com/developer/msbuild/2003">
  <ItemGroup>
    <Filter Include="AutLib">
      <UniqueIdentifier>{340d75cd-1e1d-4eaf-bd12-fe3ab2876545}</UniqueIdentifier>
    </Filter>
    <Filter Include="AutLib\Cad">
      <UniqueIdentifier>{a347f3fc-586b-47e9-a876-ac2ccdb2cd98}</UniqueIdentifier>
    </Filter>
    <Filter Include="AutLib\Cad\Operators">
      <UniqueIdentifier>{5bf02118-fe98-4eb9-a87b-4a00ee7fa379}</UniqueIdentifier>
    </Filter>
    <Filter Include="AutLib\Cad\Operators\Section">
      <UniqueIdentifier>{bdebc18e-f6c0-4914-a52f-0085c42db007}</UniqueIdentifier>
    </Filter>
    <Filter Include="AutLib\Cad\Operators\Section\Plane">
      <UniqueIdentifier>{bdfcf644-dd85-42fe-ac5a-5449c1f2708d}</UniqueIdentifier>
    </Filter>
    <Filter Include="AutLib\Cad\Operators\Section\Cutter">
      <UniqueIdentifier>{26d9c089-a04f-41bf-b398-9f94ed36aaab}</UniqueIdentifier>
    </Filter>
    <Filter Include="AutLib\Cad\Operators\Intersection">
      <UniqueIdentifier>{ebfd004f-07a3-4c79-a18a-e411d3de1ae6}</UniqueIdentifier>
    </Filter>
    <Filter Include="AutLib\Cad\Operators\Intersection\Plane">
      <UniqueIdentifier>{f9b9d39d-89e3-4c95-99fc-b191cce16f0a}</UniqueIdentifier>
    </Filter>
    <Filter Include="AutLib\Cad\Operators\Intersection\Plane\Entities">
      <UniqueIdentifier>{5a9b8740-4513-41c7-a07a-f36a69e2b2d5}</UniqueIdentifier>
    </Filter>
    <Filter Include="AutLib\Cad\Operators\Intersection\Plane\Entities\Vertex">
      <UniqueIdentifier>{5eaa818a-322e-4cd6-8779-aeb0a270a774}</UniqueIdentifier>
    </Filter>
    <Filter Include="AutLib\Cad\Operators\Intersection\Plane\Entities\Edge">
      <UniqueIdentifier>{d05b4ce1-36a1-4eb9-a903-fee9700dbe86}</UniqueIdentifier>
    </Filter>
    <Filter Include="AutLib\Cad\Operators\Intersection\Plane\Entities\CutterEdge">
      <UniqueIdentifier>{7a07cbe8-2ce4-4fbd-8932-c9e7dba3ffa9}</UniqueIdentifier>
    </Filter>
    <Filter Include="AutLib\Cad\Operators\Intersection\Plane\Entities\SubEdge">
      <UniqueIdentifier>{296dc15a-208c-4463-8537-8949f5292a79}</UniqueIdentifier>
    </Filter>
    <Filter Include="AutLib\Cad\Operators\Intersection\Plane\Entities\SubEdge\Tangential">
      <UniqueIdentifier>{380bc8ea-45fc-4b43-9b5a-65a28ad4e609}</UniqueIdentifier>
    </Filter>
    <Filter Include="AutLib\Cad\Operators\Intersection\Plane\Entities\CutterEdge\Tangential">
      <UniqueIdentifier>{c0968f6d-d55c-41dd-9abe-c2a02e3cfd41}</UniqueIdentifier>
    </Filter>
    <Filter Include="AutLib\Cad\Operators\Intersection\Plane\EdgeEdge">
      <UniqueIdentifier>{852d1eea-b7f0-4cfd-962f-8a676561de70}</UniqueIdentifier>
    </Filter>
    <Filter Include="AutLib\Cad\Operators\Intersection\Plane\EdgeEdge\Info">
      <UniqueIdentifier>{954685f4-56a2-4a52-919b-013a00ca1db9}</UniqueIdentifier>
    </Filter>
    <Filter Include="AutLib\Cad\Operators\Intersection\Plane\Entities\Entity">
      <UniqueIdentifier>{f059b167-280e-4909-8eb1-72f25b4b5772}</UniqueIdentifier>
    </Filter>
    <Filter Include="AutLib\Cad\Operators\Intersection\Plane\Entities\Entity\Point">
      <UniqueIdentifier>{ce3c5fbf-5454-4aac-9ce8-82947e54a1aa}</UniqueIdentifier>
    </Filter>
    <Filter Include="AutLib\Cad\Operators\Intersection\Plane\Entities\Entity\Segment">
      <UniqueIdentifier>{1242b90c-8061-439b-8005-b03423fcba98}</UniqueIdentifier>
    </Filter>
    <Filter Include="AutLib\Cad\Operators\Intersection\Plane\Entities\Entity\Pair">
      <UniqueIdentifier>{9cde3060-d279-4a5c-a2bb-1943df8a8571}</UniqueIdentifier>
    </Filter>
    <Filter Include="AutLib\Cad\Operators\Intersection\Plane\Tools">
      <UniqueIdentifier>{e95fa210-41ff-4a9e-a5a8-ae1b3b3f3587}</UniqueIdentifier>
    </Filter>
    <Filter Include="AutLib\Cad\Operators\Intersection\Plane\Entities\CmpEdge">
      <UniqueIdentifier>{3f8465f2-346a-49b7-8981-35a53a035787}</UniqueIdentifier>
    </Filter>
    <Filter Include="AutLib\Cad\Operators\Split">
      <UniqueIdentifier>{d99df0d3-b953-4ca9-9439-b9503c96c0e5}</UniqueIdentifier>
    </Filter>
    <Filter Include="AutLib\Cad\Operators\Split\Plane">
      <UniqueIdentifier>{83691e02-944f-4f8e-8213-603368ae0404}</UniqueIdentifier>
    </Filter>
  </ItemGroup>
  <ItemGroup>
    <ClInclude Include="AutLib\Cad\Operators\Section\Cutter\CadOpetr_Cutter.hxx">
      <Filter>AutLib\Cad\Operators\Section\Cutter</Filter>
    </ClInclude>
    <ClInclude Include="AutLib\Cad\Operators\Section\Plane\CadOpetr_PlnCutter.hxx">
      <Filter>AutLib\Cad\Operators\Section\Plane</Filter>
    </ClInclude>
    <ClInclude Include="AutLib\Cad\Operators\Intersection\Plane\Entities\CutterEdge\Tangential\CadOpetr_TangCutterEdge.hxx">
      <Filter>AutLib\Cad\Operators\Intersection\Plane\Entities\CutterEdge\Tangential</Filter>
    </ClInclude>
    <ClInclude Include="AutLib\Cad\Operators\Intersection\Plane\EdgeEdge\CadOpetr2d_EdgeEdgeIntsct.hxx">
      <Filter>AutLib\Cad\Operators\Intersection\Plane\EdgeEdge</Filter>
    </ClInclude>
    <ClInclude Include="AutLib\Cad\Operators\Intersection\Plane\EdgeEdge\Info\CadOpetr2d_EdgeEdgeIntsct_Info.hxx">
      <Filter>AutLib\Cad\Operators\Intersection\Plane\EdgeEdge\Info</Filter>
    </ClInclude>
    <ClInclude Include="AutLib\Cad\Operators\Intersection\Plane\Entities\Vertex\CadOpetr2d_IntsctVertx.hxx">
      <Filter>AutLib\Cad\Operators\Intersection\Plane\Entities\Vertex</Filter>
    </ClInclude>
    <ClInclude Include="AutLib\Cad\Operators\Intersection\Plane\Entities\SubEdge\CadOpetr2d_SubEdge.hxx">
      <Filter>AutLib\Cad\Operators\Intersection\Plane\Entities\SubEdge</Filter>
    </ClInclude>
    <ClInclude Include="AutLib\Cad\Operators\Intersection\Plane\Entities\SubEdge\Tangential\CadOpetr2d_TangSubEdge.hxx">
      <Filter>AutLib\Cad\Operators\Intersection\Plane\Entities\SubEdge\Tangential</Filter>
    </ClInclude>
    <ClInclude Include="AutLib\Cad\Operators\Intersection\Plane\Entities\Entity\CadOpetr2d_IntsctEntity.hxx">
      <Filter>AutLib\Cad\Operators\Intersection\Plane\Entities\Entity</Filter>
    </ClInclude>
    <ClInclude Include="AutLib\Cad\Operators\Intersection\Plane\Entities\Entity\Point\CadOpetr2d_IntsctPoint.hxx">
      <Filter>AutLib\Cad\Operators\Intersection\Plane\Entities\Entity\Point</Filter>
    </ClInclude>
    <ClInclude Include="AutLib\Cad\Operators\Intersection\Plane\Entities\Entity\Segment\CadOpetr2d_IntsctSegment.hxx">
      <Filter>AutLib\Cad\Operators\Intersection\Plane\Entities\Entity\Segment</Filter>
    </ClInclude>
    <ClInclude Include="AutLib\Cad\Operators\Intersection\Plane\Entities\Entity\Pair\CadOpetr2d_IntsctPair.hxx">
      <Filter>AutLib\Cad\Operators\Intersection\Plane\Entities\Entity\Pair</Filter>
    </ClInclude>
    <ClInclude Include="AutLib\Cad\Operators\Intersection\Plane\Entities\Edge\CadOpetr2d_IntsctEdge.hxx">
      <Filter>AutLib\Cad\Operators\Intersection\Plane\Entities\Edge</Filter>
    </ClInclude>
    <ClInclude Include="AutLib\Cad\Operators\Intersection\Plane\Entities\CutterEdge\CadOpetr2d_CutterEdge.hxx">
      <Filter>AutLib\Cad\Operators\Intersection\Plane\Entities\CutterEdge</Filter>
    </ClInclude>
    <ClInclude Include="AutLib\Cad\Operators\Intersection\Plane\Tools\CadOpetr2d_IntsctTools.hxx">
      <Filter>AutLib\Cad\Operators\Intersection\Plane\Tools</Filter>
    </ClInclude>
    <ClInclude Include="AutLib\Cad\Operators\Intersection\Plane\Entities\CmpEdge\CadOpetr2d_IntsctCmpEdge.hxx">
      <Filter>AutLib\Cad\Operators\Intersection\Plane\Entities\CmpEdge</Filter>
    </ClInclude>
  </ItemGroup>
  <ItemGroup>
    <ClCompile Include="AutLib\Cad\Operators\Section\Cutter\CadOpetr_PlnCutter.cxx">
      <Filter>AutLib\Cad\Operators\Section\Plane</Filter>
    </ClCompile>
    <ClCompile Include="AutLib\Cad\Operators\Intersection\Plane\EdgeEdge\CadOpetr2d_EdgeEdgeIntsct.cxx">
      <Filter>AutLib\Cad\Operators\Intersection\Plane\EdgeEdge</Filter>
    </ClCompile>
    <ClCompile Include="AutLib\Cad\Operators\Intersection\Plane\EdgeEdge\Info\CadOpetr2d_EdgeEdgeIntsct_Info.cxx">
      <Filter>AutLib\Cad\Operators\Intersection\Plane\EdgeEdge\Info</Filter>
    </ClCompile>
    <ClCompile Include="AutLib\Cad\Operators\Intersection\Plane\Tools\CadOpetr2d_IntsctTools.cxx">
      <Filter>AutLib\Cad\Operators\Intersection\Plane\Tools</Filter>
    </ClCompile>
  </ItemGroup>
</Project>