<?xml version="1.0" encoding="utf-8"?>
<Project ToolsVersion="4.0" xmlns="http://schemas.microsoft.com/developer/msbuild/2003">
  <ItemGroup>
    <Filter Include="AutLib">
      <UniqueIdentifier>{340d75cd-1e1d-4eaf-bd12-fe3ab2876545}</UniqueIdentifier>
    </Filter>
    <Filter Include="AutLib\Cad">
      <UniqueIdentifier>{a347f3fc-586b-47e9-a876-ac2ccdb2cd98}</UniqueIdentifier>
    </Filter>
    <Filter Include="AutLib\Cad\Operators">
      <UniqueIdentifier>{5bf02118-fe98-4eb9-a87b-4a00ee7fa379}</UniqueIdentifier>
    </Filter>
    <Filter Include="AutLib\Cad\Operators\Section">
      <UniqueIdentifier>{bdebc18e-f6c0-4914-a52f-0085c42db007}</UniqueIdentifier>
    </Filter>
    <Filter Include="AutLib\Cad\Operators\Section\Plane">
      <UniqueIdentifier>{bdfcf644-dd85-42fe-ac5a-5449c1f2708d}</UniqueIdentifier>
    </Filter>
    <Filter Include="AutLib\Cad\Operators\Section\Cutter">
      <UniqueIdentifier>{26d9c089-a04f-41bf-b398-9f94ed36aaab}</UniqueIdentifier>
    </Filter>
    <Filter Include="AutLib\Cad\Operators\Intersection">
      <UniqueIdentifier>{ebfd004f-07a3-4c79-a18a-e411d3de1ae6}</UniqueIdentifier>
    </Filter>
    <Filter Include="AutLib\Cad\Operators\Intersection\Plane">
      <UniqueIdentifier>{f9b9d39d-89e3-4c95-99fc-b191cce16f0a}</UniqueIdentifier>
    </Filter>
    <Filter Include="AutLib\Cad\Operators\Intersection\Plane\Entities">
      <UniqueIdentifier>{5a9b8740-4513-41c7-a07a-f36a69e2b2d5}</UniqueIdentifier>
    </Filter>
    <Filter Include="AutLib\Cad\Operators\Intersection\Plane\Entities\Vertex">
      <UniqueIdentifier>{5eaa818a-322e-4cd6-8779-aeb0a270a774}</UniqueIdentifier>
    </Filter>
    <Filter Include="AutLib\Cad\Operators\Intersection\Plane\Entities\Edge">
      <UniqueIdentifier>{d05b4ce1-36a1-4eb9-a903-fee9700dbe86}</UniqueIdentifier>
    </Filter>
    <Filter Include="AutLib\Cad\Operators\Intersection\Plane\EdgeEdge">
      <UniqueIdentifier>{852d1eea-b7f0-4cfd-962f-8a676561de70}</UniqueIdentifier>
    </Filter>
    <Filter Include="AutLib\Cad\Operators\Intersection\Plane\EdgeEdge\Info">
      <UniqueIdentifier>{954685f4-56a2-4a52-919b-013a00ca1db9}</UniqueIdentifier>
    </Filter>
    <Filter Include="AutLib\Cad\Operators\Intersection\Plane\Entities\Entity">
      <UniqueIdentifier>{f059b167-280e-4909-8eb1-72f25b4b5772}</UniqueIdentifier>
    </Filter>
    <Filter Include="AutLib\Cad\Operators\Intersection\Plane\Entities\Entity\Point">
      <UniqueIdentifier>{ce3c5fbf-5454-4aac-9ce8-82947e54a1aa}</UniqueIdentifier>
    </Filter>
    <Filter Include="AutLib\Cad\Operators\Intersection\Plane\Entities\Entity\Segment">
      <UniqueIdentifier>{1242b90c-8061-439b-8005-b03423fcba98}</UniqueIdentifier>
    </Filter>
    <Filter Include="AutLib\Cad\Operators\Intersection\Plane\Entities\Entity\Pair">
      <UniqueIdentifier>{9cde3060-d279-4a5c-a2bb-1943df8a8571}</UniqueIdentifier>
    </Filter>
    <Filter Include="AutLib\Cad\Operators\Intersection\Plane\Tools">
      <UniqueIdentifier>{e95fa210-41ff-4a9e-a5a8-ae1b3b3f3587}</UniqueIdentifier>
    </Filter>
    <Filter Include="AutLib\Cad\Operators\Split">
      <UniqueIdentifier>{d99df0d3-b953-4ca9-9439-b9503c96c0e5}</UniqueIdentifier>
    </Filter>
    <Filter Include="AutLib\Cad\Operators\Split\Plane">
      <UniqueIdentifier>{83691e02-944f-4f8e-8213-603368ae0404}</UniqueIdentifier>
    </Filter>
    <Filter Include="AutLib\Cad\Operators\Intersection\Plane\EdgeWire">
      <UniqueIdentifier>{c03eb375-3306-4fdb-b132-9c193a0648c5}</UniqueIdentifier>
    </Filter>
    <Filter Include="AutLib\Cad\Operators\Intersection\Plane\Entities\Edge\Cutter">
      <UniqueIdentifier>{abf0842f-a73c-4444-8aaa-446ad260946f}</UniqueIdentifier>
    </Filter>
    <Filter Include="AutLib\Cad\Operators\Intersection\Plane\Entities\Edge\Sub">
      <UniqueIdentifier>{9f176302-499a-4d89-b808-88194dc1d863}</UniqueIdentifier>
    </Filter>
    <Filter Include="AutLib\Cad\Operators\Intersection\Plane\Entities\Edge\Cutter\Dangle">
      <UniqueIdentifier>{87237b09-aca4-4544-9840-4e4d00e2041f}</UniqueIdentifier>
    </Filter>
    <Filter Include="AutLib\Cad\Operators\Intersection\Plane\Entities\Edge\Cutter\Clamped">
      <UniqueIdentifier>{1f7afaac-3f1f-4420-8d48-a1237f531ec7}</UniqueIdentifier>
    </Filter>
    <Filter Include="AutLib\Cad\Operators\Intersection\Plane\Entities\Edge\Cutter\Clamped\Orth">
      <UniqueIdentifier>{02a64b71-7686-4a18-b3db-f9017a6e91f6}</UniqueIdentifier>
    </Filter>
    <Filter Include="AutLib\Cad\Operators\Intersection\Plane\Entities\Edge\Cutter\Clamped\Tang">
      <UniqueIdentifier>{bf6dbc5e-f1a8-4a7f-86bc-e093cd83041c}</UniqueIdentifier>
    </Filter>
    <Filter Include="AutLib\Cad\Operators\Intersection\Plane\Entities\Edge\Sub\Tang">
      <UniqueIdentifier>{29ec4a99-8603-4c81-93ee-151e1beb960d}</UniqueIdentifier>
    </Filter>
    <Filter Include="AutLib\Cad\Operators\Intersection\Plane\Entities\Edge\Sub\Orth">
      <UniqueIdentifier>{2b3901b1-2d04-409e-a071-ccf7bafb6598}</UniqueIdentifier>
    </Filter>
    <Filter Include="AutLib\Cad\Operators\Intersection\Plane\Entities\SubEdge">
      <UniqueIdentifier>{fd74daee-bb18-4353-aa34-63dfc814fbeb}</UniqueIdentifier>
    </Filter>
    <Filter Include="AutLib\Cad\Operators\Intersection\Plane\Entities\SubEdge\Tang">
      <UniqueIdentifier>{dcc7ed27-3822-4130-8cd0-b192379c95db}</UniqueIdentifier>
    </Filter>
  </ItemGroup>
  <ItemGroup>
    <ClInclude Include="AutLib\Cad\Operators\Section\Cutter\CadOpetr_Cutter.hxx">
      <Filter>AutLib\Cad\Operators\Section\Cutter</Filter>
    </ClInclude>
    <ClInclude Include="AutLib\Cad\Operators\Section\Plane\CadOpetr_PlnCutter.hxx">
      <Filter>AutLib\Cad\Operators\Section\Plane</Filter>
    </ClInclude>
    <ClInclude Include="AutLib\Cad\Operators\Split\Plane\CadOpert2d_Split.hxx">
      <Filter>AutLib\Cad\Operators\Split\Plane</Filter>
    </ClInclude>
    <ClInclude Include="AutLib\Cad\Operators\Intersection\Plane\Entities\Vertex\CadOpert2d_IntsctVertx.hxx">
      <Filter>AutLib\Cad\Operators\Intersection\Plane\Entities\Vertex</Filter>
    </ClInclude>
    <ClInclude Include="AutLib\Cad\Operators\Intersection\Plane\Entities\Entity\CadOpert2d_IntsctEntity.hxx">
      <Filter>AutLib\Cad\Operators\Intersection\Plane\Entities\Entity</Filter>
    </ClInclude>
    <ClInclude Include="AutLib\Cad\Operators\Intersection\Plane\Entities\Entity\Segment\CadOpert2d_IntsctSegment.hxx">
      <Filter>AutLib\Cad\Operators\Intersection\Plane\Entities\Entity\Segment</Filter>
    </ClInclude>
    <ClInclude Include="AutLib\Cad\Operators\Intersection\Plane\Entities\Entity\Point\CadOpert2d_IntsctPoint.hxx">
      <Filter>AutLib\Cad\Operators\Intersection\Plane\Entities\Entity\Point</Filter>
    </ClInclude>
    <ClInclude Include="AutLib\Cad\Operators\Intersection\Plane\Entities\Entity\Pair\CadOpert2d_IntsctPair.hxx">
      <Filter>AutLib\Cad\Operators\Intersection\Plane\Entities\Entity\Pair</Filter>
    </ClInclude>
    <ClInclude Include="AutLib\Cad\Operators\Intersection\Plane\EdgeEdge\CadOpert2d_EdgeEdgeIntsct.hxx">
      <Filter>AutLib\Cad\Operators\Intersection\Plane\EdgeEdge</Filter>
    </ClInclude>
    <ClInclude Include="AutLib\Cad\Operators\Intersection\Plane\EdgeEdge\Info\CadOpert2d_EdgeEdgeIntsct_Info.hxx">
      <Filter>AutLib\Cad\Operators\Intersection\Plane\EdgeEdge\Info</Filter>
    </ClInclude>
    <ClInclude Include="AutLib\Cad\Operators\Intersection\Plane\Tools\CadOpert2d_IntsctTools.hxx">
      <Filter>AutLib\Cad\Operators\Intersection\Plane\Tools</Filter>
    </ClInclude>
    <ClInclude Include="AutLib\Cad\Operators\Intersection\Plane\Entities\Edge\Cutter\CadOpert2d_IntsctCutter.hxx">
      <Filter>AutLib\Cad\Operators\Intersection\Plane\Entities\Edge\Cutter</Filter>
    </ClInclude>
    <ClInclude Include="AutLib\Cad\Operators\Intersection\Plane\Entities\Edge\Cutter\Dangle\CadOpert2d_IntsctCutter_Dangle.hxx">
      <Filter>AutLib\Cad\Operators\Intersection\Plane\Entities\Edge\Cutter\Dangle</Filter>
    </ClInclude>
    <ClInclude Include="AutLib\Cad\Operators\Intersection\Plane\Entities\Edge\Cutter\Clamped\CadOpert2d_IntsctCutter_Clamped.hxx">
      <Filter>AutLib\Cad\Operators\Intersection\Plane\Entities\Edge\Cutter\Clamped</Filter>
    </ClInclude>
    <ClInclude Include="AutLib\Cad\Operators\Intersection\Plane\Entities\Edge\Cutter\Clamped\Orth\CadOpert2d_IntsctCutter_OrthClamped.hxx">
      <Filter>AutLib\Cad\Operators\Intersection\Plane\Entities\Edge\Cutter\Clamped\Orth</Filter>
    </ClInclude>
    <ClInclude Include="AutLib\Cad\Operators\Intersection\Plane\Entities\Edge\Cutter\Clamped\Tang\CadOpert2d_IntsctCutter_TangClamped.hxx">
      <Filter>AutLib\Cad\Operators\Intersection\Plane\Entities\Edge\Cutter\Clamped\Tang</Filter>
    </ClInclude>
    <ClInclude Include="AutLib\Cad\Operators\Intersection\Plane\Entities\Edge\CadOpert2d_IntsctCmpEdge.hxx">
      <Filter>AutLib\Cad\Operators\Intersection\Plane\Entities\Edge</Filter>
    </ClInclude>
    <ClInclude Include="AutLib\Cad\Operators\Intersection\Plane\Entities\Edge\CadOpert2d_IntsctEdge.hxx">
      <Filter>AutLib\Cad\Operators\Intersection\Plane\Entities\Edge</Filter>
    </ClInclude>
    <ClInclude Include="AutLib\Cad\Operators\Intersection\Plane\Entities\Edge\Sub\CadOpert2d_IntsctPlnEdge.hxx">
      <Filter>AutLib\Cad\Operators\Intersection\Plane\Entities\Edge\Sub</Filter>
    </ClInclude>
    <ClInclude Include="AutLib\Cad\Operators\Intersection\Plane\Entities\Edge\Sub\Tang\CadOpert2d_IntsctPlnEdge_Tang.hxx">
      <Filter>AutLib\Cad\Operators\Intersection\Plane\Entities\Edge\Sub\Tang</Filter>
    </ClInclude>
    <ClInclude Include="AutLib\Cad\Operators\Intersection\Plane\Entities\Edge\Sub\Orth\CadOpert2d_IntsctPlnEdge_Orth.hxx">
      <Filter>AutLib\Cad\Operators\Intersection\Plane\Entities\Edge\Sub\Orth</Filter>
    </ClInclude>
    <ClInclude Include="AutLib\Cad\Operators\Intersection\Plane\Entities\SubEdge\CadOpert2d_IntsctSubEdge.hxx">
      <Filter>AutLib\Cad\Operators\Intersection\Plane\Entities\SubEdge</Filter>
    </ClInclude>
    <ClInclude Include="AutLib\Cad\Operators\Intersection\Plane\Entities\SubEdge\Tang\CadOpert2d_IntsctSubEdge_Tang.hxx">
      <Filter>AutLib\Cad\Operators\Intersection\Plane\Entities\SubEdge\Tang</Filter>
    </ClInclude>
  </ItemGroup>
  <ItemGroup>
    <ClCompile Include="AutLib\Cad\Operators\Section\Cutter\CadOpetr_PlnCutter.cxx">
      <Filter>AutLib\Cad\Operators\Section\Plane</Filter>
    </ClCompile>
    <ClCompile Include="AutLib\Cad\Operators\Intersection\Plane\EdgeEdge\CadOpert2d_EdgeEdgeIntsct.cxx">
      <Filter>AutLib\Cad\Operators\Intersection\Plane\EdgeEdge</Filter>
    </ClCompile>
    <ClCompile Include="AutLib\Cad\Operators\Intersection\Plane\EdgeEdge\Info\CadOpert2d_EdgeEdgeIntsct_Info.cxx">
      <Filter>AutLib\Cad\Operators\Intersection\Plane\EdgeEdge\Info</Filter>
    </ClCompile>
    <ClCompile Include="AutLib\Cad\Operators\Intersection\Plane\Tools\CadOpert2d_IntsctTools.cxx">
      <Filter>AutLib\Cad\Operators\Intersection\Plane\Tools</Filter>
    </ClCompile>
    <ClCompile Include="AutLib\Cad\Operators\Split\Plane\CadOpert2d_Split.cxx">
      <Filter>AutLib\Cad\Operators\Split\Plane</Filter>
    </ClCompile>
  </ItemGroup>
</Project>