<?xml version="1.0" encoding="utf-8"?>
<Project ToolsVersion="4.0" xmlns="http://schemas.microsoft.com/developer/msbuild/2003">
  <ItemGroup>
    <Filter Include="AutLib">
      <UniqueIdentifier>{f974fff0-a58d-4d35-8bd1-de2752350cea}</UniqueIdentifier>
    </Filter>
    <Filter Include="AutLib\MeshAft">
      <UniqueIdentifier>{5fe40371-ac7f-4fd7-b36c-58a7f7e4c864}</UniqueIdentifier>
    </Filter>
    <Filter Include="AutLib\MeshAft\Entities">
      <UniqueIdentifier>{f5bb9e85-c359-4237-8ad1-c6f33f288474}</UniqueIdentifier>
    </Filter>
    <Filter Include="AutLib\MeshAft\Entities\Node">
      <UniqueIdentifier>{88c4e0fa-209e-465b-b3d2-a54f3144e1dd}</UniqueIdentifier>
    </Filter>
    <Filter Include="AutLib\MeshAft\Entities\Edge">
      <UniqueIdentifier>{7127feeb-a88d-4307-8d9d-910f1846f269}</UniqueIdentifier>
    </Filter>
    <Filter Include="AutLib\MeshAft\Entities\Facet">
      <UniqueIdentifier>{5bc825e7-cb1b-43e9-aaf9-54ae90b90f83}</UniqueIdentifier>
    </Filter>
    <Filter Include="AutLib\MeshAft\Entities\Element">
      <UniqueIdentifier>{750e04f3-d59b-4470-8a92-4750301bbdfb}</UniqueIdentifier>
    </Filter>
    <Filter Include="AutLib\MeshAft\Entities\Node\Adaptor">
      <UniqueIdentifier>{15b49d31-edc8-48e7-be08-4cf7c535d8a6}</UniqueIdentifier>
    </Filter>
    <Filter Include="AutLib\MeshAft\Entities\Node\Iso">
      <UniqueIdentifier>{970ef380-2bdf-491e-9bb0-461bf42179df}</UniqueIdentifier>
    </Filter>
    <Filter Include="AutLib\MeshAft\Entities\Node\AnIso">
      <UniqueIdentifier>{911838c3-d1fa-42b8-8355-b04d111cea6c}</UniqueIdentifier>
    </Filter>
    <Filter Include="AutLib\MeshAft\Entities\Node\Surface">
      <UniqueIdentifier>{f732acd0-e1e6-4ff0-931d-afe0814ae355}</UniqueIdentifier>
    </Filter>
    <Filter Include="AutLib\MeshAft\Entities\Node\Traits">
      <UniqueIdentifier>{38bc5e0b-2a8a-4954-946b-b69b3634482a}</UniqueIdentifier>
    </Filter>
    <Filter Include="AutLib\MeshAft\Entities\Front">
      <UniqueIdentifier>{b41cdefd-93de-42fb-ad23-2e6e6b1375a9}</UniqueIdentifier>
    </Filter>
    <Filter Include="AutLib\MeshAft\Entities\Front\Identifiers">
      <UniqueIdentifier>{436790d2-b4e3-4dbb-9c83-54b51a781c4a}</UniqueIdentifier>
    </Filter>
    <Filter Include="AutLib\MeshAft\Entities\Front\Identifiers\Node">
      <UniqueIdentifier>{60cc5061-379a-45a7-a372-34e8a34f42f2}</UniqueIdentifier>
    </Filter>
    <Filter Include="AutLib\MeshAft\Entities\Front\Identifiers\Entity">
      <UniqueIdentifier>{a7b98d0c-6d7c-419b-94c7-f8c422409a42}</UniqueIdentifier>
    </Filter>
    <Filter Include="AutLib\MeshAft\Entities\Front\Identifiers\Edge">
      <UniqueIdentifier>{492abbd0-7138-4000-9e85-e49b8912a0d0}</UniqueIdentifier>
    </Filter>
    <Filter Include="AutLib\MeshAft\Entities\Edge\Traits">
      <UniqueIdentifier>{531aff9a-56fe-4dda-9c9f-9444ac8179f0}</UniqueIdentifier>
    </Filter>
    <Filter Include="AutLib\MeshAft\Entities\Edge\Iso">
      <UniqueIdentifier>{c1df0396-0df9-4a4c-84b1-3a5060bd01ce}</UniqueIdentifier>
    </Filter>
    <Filter Include="AutLib\MeshAft\Entities\Edge\AnIso">
      <UniqueIdentifier>{5239ed0a-952c-4cad-ac72-a5ba1dd2d785}</UniqueIdentifier>
    </Filter>
    <Filter Include="AutLib\MeshAft\Entities\Edge\Surface">
      <UniqueIdentifier>{38b91b25-73b2-47ab-8ebb-8f76362a8089}</UniqueIdentifier>
    </Filter>
    <Filter Include="AutLib\MeshAft\Entities\Facet\Traits">
      <UniqueIdentifier>{5690a226-705b-4dfc-9f7f-b1d01e35e356}</UniqueIdentifier>
    </Filter>
    <Filter Include="AutLib\MeshAft\Entities\Facet\Iso">
      <UniqueIdentifier>{82fe021d-66d5-4da1-8123-a97532d33c9f}</UniqueIdentifier>
    </Filter>
    <Filter Include="AutLib\MeshAft\Entities\Facet\AnIso">
      <UniqueIdentifier>{dc37fdd7-c249-44d7-a577-a0ecd6f64671}</UniqueIdentifier>
    </Filter>
    <Filter Include="AutLib\MeshAft\Entities\Facet\Surface">
      <UniqueIdentifier>{4ccad236-a270-422b-aaa4-b715975c7b2f}</UniqueIdentifier>
    </Filter>
    <Filter Include="AutLib\MeshAft\Entities\Element\Traits">
      <UniqueIdentifier>{1eeaf2f4-5d1e-4bef-85e9-84cff4d2aa19}</UniqueIdentifier>
    </Filter>
    <Filter Include="AutLib\MeshAft\Entities\Element\Iso">
      <UniqueIdentifier>{ee5bb17a-5611-4adf-bd44-d2e6a8625656}</UniqueIdentifier>
    </Filter>
    <Filter Include="AutLib\MeshAft\Entities\Element\AnIso">
      <UniqueIdentifier>{3dc7d9b8-9c97-4027-93d1-6d2188d6900b}</UniqueIdentifier>
    </Filter>
    <Filter Include="AutLib\MeshAft\Entities\Element\Surface">
      <UniqueIdentifier>{0d9c049f-ba17-4b59-9266-c49336c49c9a}</UniqueIdentifier>
    </Filter>
    <Filter Include="AutLib\MeshAft\Data">
      <UniqueIdentifier>{fd23ac2b-846e-4fa4-93bb-574a6e658eb3}</UniqueIdentifier>
    </Filter>
    <Filter Include="AutLib\MeshAft\Core">
      <UniqueIdentifier>{eed65d8c-90dc-4861-aa64-381987724a1f}</UniqueIdentifier>
    </Filter>
    <Filter Include="AutLib\MeshAft\Data\Cavity">
      <UniqueIdentifier>{4cd0e362-fd16-4fcd-975a-a824274e7b14}</UniqueIdentifier>
    </Filter>
    <Filter Include="AutLib\MeshAft\Data\Front">
      <UniqueIdentifier>{f4566118-de05-4a79-9c7e-121667c96f92}</UniqueIdentifier>
    </Filter>
    <Filter Include="AutLib\MeshAft\Data\Front\Surface">
      <UniqueIdentifier>{36ec015b-1048-4818-8a7f-c84bf90de831}</UniqueIdentifier>
    </Filter>
    <Filter Include="AutLib\MeshAft\Data\Front\2d">
      <UniqueIdentifier>{787dd561-6652-4211-95b4-d30f4a7b2028}</UniqueIdentifier>
    </Filter>
    <Filter Include="AutLib\MeshAft\Data\Front\3d">
      <UniqueIdentifier>{e1ccbf54-c054-4823-a630-82a061f7e393}</UniqueIdentifier>
    </Filter>
    <Filter Include="AutLib\MeshAft\Data\Front\2d\Iso">
      <UniqueIdentifier>{cda79e5c-73b0-4f73-8750-fb9f2be69ed9}</UniqueIdentifier>
    </Filter>
    <Filter Include="AutLib\MeshAft\Data\Front\2d\AnIso">
      <UniqueIdentifier>{e946524a-fbc8-429a-991c-4303d5f6c375}</UniqueIdentifier>
    </Filter>
    <Filter Include="AutLib\MeshAft\Data\Front\3d\Iso">
      <UniqueIdentifier>{e3a59b75-5ff7-44e0-901a-8680cde9c0f4}</UniqueIdentifier>
    </Filter>
    <Filter Include="AutLib\MeshAft\Data\Front\3d\AnIso">
      <UniqueIdentifier>{58b31f32-9649-4517-ae34-be919957c273}</UniqueIdentifier>
    </Filter>
    <Filter Include="AutLib\MeshAft\Data\Front\2d\Info">
      <UniqueIdentifier>{91a1e39c-f6b8-4302-b11d-e1a7a084322a}</UniqueIdentifier>
    </Filter>
    <Filter Include="AutLib\MeshAft\Data\Front\3d\Info">
      <UniqueIdentifier>{9fe998ff-09ae-48e5-834a-bfb8c4ffbd8f}</UniqueIdentifier>
    </Filter>
    <Filter Include="AutLib\MeshAft\Data\Front\2d\Info\Adaptor">
      <UniqueIdentifier>{0fe28070-0c1f-4195-a789-fd51c045069f}</UniqueIdentifier>
    </Filter>
    <Filter Include="AutLib\MeshAft\Data\Front\2d\Iso\Info">
      <UniqueIdentifier>{5992b000-43f1-4360-8f68-7b49d94863d6}</UniqueIdentifier>
    </Filter>
    <Filter Include="AutLib\MeshAft\Data\Front\2d\Iso\Info\Adaptor">
      <UniqueIdentifier>{101878a4-2c24-40b2-9aa8-1b0b0f8d7af4}</UniqueIdentifier>
    </Filter>
    <Filter Include="AutLib\MeshAft\Data\Front\Traits">
      <UniqueIdentifier>{33909f15-7f26-43b0-8d12-4d24fdbc7e2c}</UniqueIdentifier>
    </Filter>
    <Filter Include="AutLib\MeshAft\Data\Front\Info">
      <UniqueIdentifier>{536f89d1-49cc-4990-9bf1-21075a152b66}</UniqueIdentifier>
    </Filter>
    <Filter Include="AutLib\MeshAft\Data\Front\Data">
      <UniqueIdentifier>{f14de8ba-d38d-462f-b5d4-147a03653cf4}</UniqueIdentifier>
    </Filter>
    <Filter Include="AutLib\MeshAft\Data\Front\2d\AnIso\Info">
      <UniqueIdentifier>{d1933514-7508-4f9e-9e8e-62f98f4505b3}</UniqueIdentifier>
    </Filter>
    <Filter Include="AutLib\MeshAft\Data\Front\2d\AnIso\Info\Adaptor">
      <UniqueIdentifier>{afdc6301-8408-4377-8e6c-d84b4522fce5}</UniqueIdentifier>
    </Filter>
    <Filter Include="AutLib\MeshAft\System">
      <UniqueIdentifier>{d192e0c2-015c-4afb-8492-00c108428ca0}</UniqueIdentifier>
    </Filter>
    <Filter Include="AutLib\MeshAft\Data\Front\Surface\Info">
      <UniqueIdentifier>{48e08a9b-204d-43c1-8ca0-09296e94e270}</UniqueIdentifier>
    </Filter>
    <Filter Include="AutLib\MeshAft\Data\Front\Surface\Info\Adaptor">
      <UniqueIdentifier>{1c78e4f6-69d8-4236-a9a8-b7f74dd05f72}</UniqueIdentifier>
    </Filter>
    <Filter Include="AutLib\MeshAft\MetricProcessor">
      <UniqueIdentifier>{2bdeca06-e55f-44d3-b648-904e0f894201}</UniqueIdentifier>
    </Filter>
    <Filter Include="AutLib\MeshAft\MetricProcessor\Traits">
      <UniqueIdentifier>{3eafb979-223d-4207-afdb-81ddccdfc9ff}</UniqueIdentifier>
    </Filter>
    <Filter Include="AutLib\MeshAft\MetricProcessor\Iso">
      <UniqueIdentifier>{b5c92b63-e979-4d30-bfcd-9186db1a2dd9}</UniqueIdentifier>
    </Filter>
    <Filter Include="AutLib\MeshAft\MetricProcessor\AnIso">
      <UniqueIdentifier>{99a39053-d932-45a9-b423-6f1d9902d64e}</UniqueIdentifier>
    </Filter>
    <Filter Include="AutLib\MeshAft\MetricProcessor\Iso\2d">
      <UniqueIdentifier>{8ec0dfa9-ffa1-43db-92ff-769707dc0c8c}</UniqueIdentifier>
    </Filter>
    <Filter Include="AutLib\MeshAft\MetricProcessor\Iso\3d">
      <UniqueIdentifier>{6ed8a032-ab30-4d23-b1f7-71ae70d22482}</UniqueIdentifier>
    </Filter>
    <Filter Include="AutLib\MeshAft\Entities\Bnd">
      <UniqueIdentifier>{cdc6dd34-14cc-4d7c-a1d4-f73f20069638}</UniqueIdentifier>
    </Filter>
    <Filter Include="AutLib\MeshAft\Entities\Bnd\Node">
      <UniqueIdentifier>{5e73a757-f41c-4632-baeb-0815e5d4fddb}</UniqueIdentifier>
    </Filter>
    <Filter Include="AutLib\MeshAft\Entities\Bnd\Edge">
      <UniqueIdentifier>{8125f82c-b0e9-42eb-983e-25b8c26e0ff5}</UniqueIdentifier>
    </Filter>
    <Filter Include="AutLib\MeshAft\Entities\Bnd\Facet">
      <UniqueIdentifier>{27cc12cd-36e6-4e87-ba10-0a0a3b8ef97c}</UniqueIdentifier>
    </Filter>
    <Filter Include="AutLib\MeshAft\Entities\Bnd\Node\Adaptor">
      <UniqueIdentifier>{bcb843c4-1cbc-482e-b2c8-b7d99f8476cb}</UniqueIdentifier>
    </Filter>
    <Filter Include="AutLib\MeshAft\Entities\Bnd\Node\Iso">
      <UniqueIdentifier>{8f56c8e9-d5ea-4366-a812-14f0e48bef04}</UniqueIdentifier>
    </Filter>
    <Filter Include="AutLib\MeshAft\Entities\Bnd\Node\AnIso">
      <UniqueIdentifier>{06d7af35-1d63-48ce-bf28-38b11f65376a}</UniqueIdentifier>
    </Filter>
    <Filter Include="AutLib\MeshAft\Entities\Bnd\Node\Surface">
      <UniqueIdentifier>{c5235737-d337-478f-9a09-2cc07ab8d738}</UniqueIdentifier>
    </Filter>
    <Filter Include="AutLib\MeshAft\Entities\Bnd\Node\TNode">
      <UniqueIdentifier>{237c9b8c-b096-4016-82b2-18736d884ed8}</UniqueIdentifier>
    </Filter>
    <Filter Include="AutLib\MeshAft\Entities\Bnd\Node\Traits">
      <UniqueIdentifier>{101d50cc-fece-4fad-a95a-88fa09db63f7}</UniqueIdentifier>
    </Filter>
    <Filter Include="AutLib\MeshAft\Entities\Bnd\Node\Iso\BNode">
      <UniqueIdentifier>{be883b00-90f9-45f8-97d2-d74d19219a17}</UniqueIdentifier>
    </Filter>
    <Filter Include="AutLib\MeshAft\Entities\Bnd\Node\AnIso\Bnd">
      <UniqueIdentifier>{1d879c5d-3206-47c5-b363-52887ef0f6f7}</UniqueIdentifier>
    </Filter>
    <Filter Include="AutLib\MeshAft\Entities\Bnd\Edge\TEdge">
      <UniqueIdentifier>{4ab67396-fbb4-404d-b15a-112dd3557c18}</UniqueIdentifier>
    </Filter>
    <Filter Include="AutLib\MeshAft\Entities\Bnd\Edge\Adaptor">
      <UniqueIdentifier>{d9c2d8c5-6869-46d3-b3f6-16c6cba5d9df}</UniqueIdentifier>
    </Filter>
    <Filter Include="AutLib\MeshAft\Entities\Bnd\Edge\Traits">
      <UniqueIdentifier>{01317e9e-512e-4655-8674-6194f2f1fee7}</UniqueIdentifier>
    </Filter>
    <Filter Include="AutLib\MeshAft\Entities\Bnd\Edge\Iso">
      <UniqueIdentifier>{a4d1e558-e658-4762-8d53-4e8f405f4664}</UniqueIdentifier>
    </Filter>
    <Filter Include="AutLib\MeshAft\Entities\Bnd\Edge\AnIso">
      <UniqueIdentifier>{fc86f757-9be5-4cd7-b913-c83a6e85ddb1}</UniqueIdentifier>
    </Filter>
    <Filter Include="AutLib\MeshAft\Entities\Bnd\Edge\Surface">
      <UniqueIdentifier>{e2f5e96a-3581-4342-aac4-f00afe76de04}</UniqueIdentifier>
    </Filter>
    <Filter Include="AutLib\MeshAft\Entities\Bnd\Edge\Surface\BEdge">
      <UniqueIdentifier>{a3887a3c-bb47-4cf7-9290-8e7bab9faf43}</UniqueIdentifier>
    </Filter>
    <Filter Include="AutLib\MeshAft\Entities\Bnd\Edge\AnIso\BEdge">
      <UniqueIdentifier>{3924fa68-5fe8-4b96-8eee-27df9deec61c}</UniqueIdentifier>
    </Filter>
    <Filter Include="AutLib\MeshAft\Entities\Bnd\Edge\Iso\BEdge">
      <UniqueIdentifier>{b7e6bfac-f6b0-4d0b-8d96-9d6e56836e0a}</UniqueIdentifier>
    </Filter>
    <Filter Include="AutLib\MeshAft\Entities\Bnd\Node\Surface\BNode">
      <UniqueIdentifier>{63440127-1d74-41d6-b989-8531e26fbe25}</UniqueIdentifier>
    </Filter>
    <Filter Include="AutLib\MeshAft\MetricProcessor\AnIso\2d">
      <UniqueIdentifier>{b06f7dc2-7e7d-43dd-949e-eefc03a4803e}</UniqueIdentifier>
    </Filter>
    <Filter Include="AutLib\MeshAft\MetricProcessor\AnIso\Surface">
      <UniqueIdentifier>{cdee10c7-062a-45f1-a4d9-d36130d28578}</UniqueIdentifier>
    </Filter>
    <Filter Include="AutLib\MeshAft\MetricProcessor\AnIso\Info">
      <UniqueIdentifier>{e0623035-ca83-4b38-9fd1-5869215a633c}</UniqueIdentifier>
    </Filter>
    <Filter Include="AutLib\MeshAft\MetricProcessor\AnIso\System">
      <UniqueIdentifier>{1db0a473-5017-4d92-9989-5fd1b91b6342}</UniqueIdentifier>
    </Filter>
    <Filter Include="AutLib\MeshAft\MetricProcessor\AnIso\3d">
      <UniqueIdentifier>{b8f0ac0b-1b38-4613-9d6e-75ad1008f160}</UniqueIdentifier>
    </Filter>
  </ItemGroup>
  <ItemGroup>
    <ClInclude Include="AutLib\MeshAft\Entities\Node\Aft_Node.hxx">
      <Filter>AutLib\MeshAft\Entities\Node</Filter>
    </ClInclude>
    <ClInclude Include="AutLib\MeshAft\Entities\Node\Aft_NodeI.hxx">
      <Filter>AutLib\MeshAft\Entities\Node</Filter>
    </ClInclude>
    <ClInclude Include="AutLib\MeshAft\Entities\Node\Adaptor\Aft_NodeAdaptor.hxx">
      <Filter>AutLib\MeshAft\Entities\Node\Adaptor</Filter>
    </ClInclude>
    <ClInclude Include="AutLib\MeshAft\Entities\Front\Identifiers\Node\Aft_NodeIdentifier.hxx">
      <Filter>AutLib\MeshAft\Entities\Front\Identifiers\Node</Filter>
    </ClInclude>
    <ClInclude Include="AutLib\MeshAft\Entities\Node\Aft_NodeType.hxx">
      <Filter>AutLib\MeshAft\Entities\Node</Filter>
    </ClInclude>
    <ClInclude Include="AutLib\MeshAft\Entities\Front\Identifiers\Entity\Aft_EntityIdentifier.hxx">
      <Filter>AutLib\MeshAft\Entities\Front\Identifiers\Entity</Filter>
    </ClInclude>
    <ClInclude Include="AutLib\MeshAft\Entities\Edge\Aft_Edge.hxx">
      <Filter>AutLib\MeshAft\Entities\Edge</Filter>
    </ClInclude>
    <ClInclude Include="AutLib\MeshAft\Entities\Edge\Aft_EdgeI.hxx">
      <Filter>AutLib\MeshAft\Entities\Edge</Filter>
    </ClInclude>
    <ClInclude Include="AutLib\MeshAft\Entities\Facet\Aft_FacetFwd.hxx">
      <Filter>AutLib\MeshAft\Entities\Facet</Filter>
    </ClInclude>
    <ClInclude Include="AutLib\MeshAft\Entities\Facet\Aft_Facet.hxx">
      <Filter>AutLib\MeshAft\Entities\Facet</Filter>
    </ClInclude>
    <ClInclude Include="AutLib\MeshAft\Entities\Element\Aft_ElementFwd.hxx">
      <Filter>AutLib\MeshAft\Entities\Element</Filter>
    </ClInclude>
    <ClInclude Include="AutLib\MeshAft\Entities\Element\Aft_Element.hxx">
      <Filter>AutLib\MeshAft\Entities\Element</Filter>
    </ClInclude>
    <ClInclude Include="AutLib\MeshAft\Entities\Node\Traits\Aft3d_NodeTraits.hxx">
      <Filter>AutLib\MeshAft\Entities\Node\Traits</Filter>
    </ClInclude>
    <ClInclude Include="AutLib\MeshAft\Entities\Node\Surface\Aft2d_NodeSurfaceFwd.hxx">
      <Filter>AutLib\MeshAft\Entities\Node\Surface</Filter>
    </ClInclude>
    <ClInclude Include="AutLib\MeshAft\Entities\Node\Iso\Aft3d_NodeFwd.hxx">
      <Filter>AutLib\MeshAft\Entities\Node\Iso</Filter>
    </ClInclude>
    <ClInclude Include="AutLib\MeshAft\Entities\Node\Iso\Aft2d_NodeFwd.hxx">
      <Filter>AutLib\MeshAft\Entities\Node\Iso</Filter>
    </ClInclude>
    <ClInclude Include="AutLib\MeshAft\Entities\Node\AnIso\Aft3d_NodeAnIsoFwd.hxx">
      <Filter>AutLib\MeshAft\Entities\Node\AnIso</Filter>
    </ClInclude>
    <ClInclude Include="AutLib\MeshAft\Entities\Node\AnIso\Aft2d_NodeAnIsoFwd.hxx">
      <Filter>AutLib\MeshAft\Entities\Node\AnIso</Filter>
    </ClInclude>
    <ClInclude Include="AutLib\MeshAft\Entities\Edge\AnIso\Aft2d_EdgeAnIsoFwd.hxx">
      <Filter>AutLib\MeshAft\Entities\Edge\AnIso</Filter>
    </ClInclude>
    <ClInclude Include="AutLib\MeshAft\Entities\Edge\AnIso\Aft3d_EdgeAnIsoFwd.hxx">
      <Filter>AutLib\MeshAft\Entities\Edge\AnIso</Filter>
    </ClInclude>
    <ClInclude Include="AutLib\MeshAft\Entities\Edge\Iso\Aft2d_EdgeFwd.hxx">
      <Filter>AutLib\MeshAft\Entities\Edge\Iso</Filter>
    </ClInclude>
    <ClInclude Include="AutLib\MeshAft\Entities\Edge\Iso\Aft3d_EdgeFwd.hxx">
      <Filter>AutLib\MeshAft\Entities\Edge\Iso</Filter>
    </ClInclude>
    <ClInclude Include="AutLib\MeshAft\Entities\Edge\Surface\Aft2d_EdgeSurfaceFwd.hxx">
      <Filter>AutLib\MeshAft\Entities\Edge\Surface</Filter>
    </ClInclude>
    <ClInclude Include="AutLib\MeshAft\Entities\Facet\AnIso\Aft3d_FacetAnIsoFwd.hxx">
      <Filter>AutLib\MeshAft\Entities\Facet\AnIso</Filter>
    </ClInclude>
    <ClInclude Include="AutLib\MeshAft\Entities\Facet\Iso\Aft3d_FacetFwd.hxx">
      <Filter>AutLib\MeshAft\Entities\Facet\Iso</Filter>
    </ClInclude>
    <ClInclude Include="AutLib\MeshAft\Entities\Element\Surface\Aft2d_ElementSurfaceFwd.hxx">
      <Filter>AutLib\MeshAft\Entities\Element\Surface</Filter>
    </ClInclude>
    <ClInclude Include="AutLib\MeshAft\Entities\Element\Iso\Aft3d_ElementFwd.hxx">
      <Filter>AutLib\MeshAft\Entities\Element\Iso</Filter>
    </ClInclude>
    <ClInclude Include="AutLib\MeshAft\Entities\Element\Iso\Aft2d_ElementFwd.hxx">
      <Filter>AutLib\MeshAft\Entities\Element\Iso</Filter>
    </ClInclude>
    <ClInclude Include="AutLib\MeshAft\Entities\Element\AnIso\Aft3d_ElementAnIsoFwd.hxx">
      <Filter>AutLib\MeshAft\Entities\Element\AnIso</Filter>
    </ClInclude>
    <ClInclude Include="AutLib\MeshAft\Entities\Element\AnIso\Aft2d_ElementAnIsoFwd.hxx">
      <Filter>AutLib\MeshAft\Entities\Element\AnIso</Filter>
    </ClInclude>
    <ClInclude Include="AutLib\MeshAft\Entities\Node\Traits\Aft3d_NodeAnIsoTraits.hxx">
      <Filter>AutLib\MeshAft\Entities\Node\Traits</Filter>
    </ClInclude>
    <ClInclude Include="AutLib\MeshAft\Entities\Node\Traits\Aft2d_NodeTraits.hxx">
      <Filter>AutLib\MeshAft\Entities\Node\Traits</Filter>
    </ClInclude>
    <ClInclude Include="AutLib\MeshAft\Entities\Node\Traits\Aft2d_NodeSurfaceTraits.hxx">
      <Filter>AutLib\MeshAft\Entities\Node\Traits</Filter>
    </ClInclude>
    <ClInclude Include="AutLib\MeshAft\Entities\Node\Traits\Aft2d_NodeAnIsoTraits.hxx">
      <Filter>AutLib\MeshAft\Entities\Node\Traits</Filter>
    </ClInclude>
    <ClInclude Include="AutLib\MeshAft\Entities\Edge\Traits\Aft3d_EdgeTraits.hxx">
      <Filter>AutLib\MeshAft\Entities\Edge\Traits</Filter>
    </ClInclude>
    <ClInclude Include="AutLib\MeshAft\Entities\Node\Surface\Aft2d_NodeSurface.hxx">
      <Filter>AutLib\MeshAft\Entities\Node\Surface</Filter>
    </ClInclude>
    <ClInclude Include="AutLib\MeshAft\Entities\Node\Iso\Aft3d_Node.hxx">
      <Filter>AutLib\MeshAft\Entities\Node\Iso</Filter>
    </ClInclude>
    <ClInclude Include="AutLib\MeshAft\Entities\Node\Iso\Aft2d_Node.hxx">
      <Filter>AutLib\MeshAft\Entities\Node\Iso</Filter>
    </ClInclude>
    <ClInclude Include="AutLib\MeshAft\Entities\Node\AnIso\Aft3d_NodeAnIso.hxx">
      <Filter>AutLib\MeshAft\Entities\Node\AnIso</Filter>
    </ClInclude>
    <ClInclude Include="AutLib\MeshAft\Entities\Node\AnIso\Aft2d_NodeAnIso.hxx">
      <Filter>AutLib\MeshAft\Entities\Node\AnIso</Filter>
    </ClInclude>
    <ClInclude Include="AutLib\MeshAft\Entities\Edge\Traits\Aft3d_EdgeAnIsoTraits.hxx">
      <Filter>AutLib\MeshAft\Entities\Edge\Traits</Filter>
    </ClInclude>
    <ClInclude Include="AutLib\MeshAft\Entities\Edge\Traits\Aft2d_EdgeTraits.hxx">
      <Filter>AutLib\MeshAft\Entities\Edge\Traits</Filter>
    </ClInclude>
    <ClInclude Include="AutLib\MeshAft\Entities\Edge\Traits\Aft2d_EdgeSurfaceTraits.hxx">
      <Filter>AutLib\MeshAft\Entities\Edge\Traits</Filter>
    </ClInclude>
    <ClInclude Include="AutLib\MeshAft\Entities\Edge\Traits\Aft2d_EdgeAnIsoTraits.hxx">
      <Filter>AutLib\MeshAft\Entities\Edge\Traits</Filter>
    </ClInclude>
    <ClInclude Include="AutLib\MeshAft\Entities\Edge\Surface\Aft2d_EdgeSurface.hxx">
      <Filter>AutLib\MeshAft\Entities\Edge\Surface</Filter>
    </ClInclude>
    <ClInclude Include="AutLib\MeshAft\Entities\Edge\Iso\Aft3d_Edge.hxx">
      <Filter>AutLib\MeshAft\Entities\Edge\Iso</Filter>
    </ClInclude>
    <ClInclude Include="AutLib\MeshAft\Entities\Edge\Iso\Aft2d_Edge.hxx">
      <Filter>AutLib\MeshAft\Entities\Edge\Iso</Filter>
    </ClInclude>
    <ClInclude Include="AutLib\MeshAft\Entities\Edge\AnIso\Aft3d_EdgeAnIso.hxx">
      <Filter>AutLib\MeshAft\Entities\Edge\AnIso</Filter>
    </ClInclude>
    <ClInclude Include="AutLib\MeshAft\Entities\Edge\AnIso\Aft2d_EdgeAnIso.hxx">
      <Filter>AutLib\MeshAft\Entities\Edge\AnIso</Filter>
    </ClInclude>
    <ClInclude Include="AutLib\MeshAft\Entities\Facet\Traits\Aft3d_FacetAnIsoTraits.hxx">
      <Filter>AutLib\MeshAft\Entities\Facet\Traits</Filter>
    </ClInclude>
    <ClInclude Include="AutLib\MeshAft\Entities\Facet\Traits\Aft3d_FacetTraits.hxx">
      <Filter>AutLib\MeshAft\Entities\Facet\Traits</Filter>
    </ClInclude>
    <ClInclude Include="AutLib\MeshAft\Entities\Facet\AnIso\Aft3d_FacetAnIso.hxx">
      <Filter>AutLib\MeshAft\Entities\Facet\AnIso</Filter>
    </ClInclude>
    <ClInclude Include="AutLib\MeshAft\Entities\Facet\Iso\Aft3d_Facet.hxx">
      <Filter>AutLib\MeshAft\Entities\Facet\Iso</Filter>
    </ClInclude>
    <ClInclude Include="AutLib\MeshAft\Entities\Element\Traits\Aft3d_ElementTraits.hxx">
      <Filter>AutLib\MeshAft\Entities\Element\Traits</Filter>
    </ClInclude>
    <ClInclude Include="AutLib\MeshAft\Entities\Element\Traits\Aft3d_ElementAnIsoTraits.hxx">
      <Filter>AutLib\MeshAft\Entities\Element\Traits</Filter>
    </ClInclude>
    <ClInclude Include="AutLib\MeshAft\Entities\Element\Traits\Aft2d_ElementTraits.hxx">
      <Filter>AutLib\MeshAft\Entities\Element\Traits</Filter>
    </ClInclude>
    <ClInclude Include="AutLib\MeshAft\Entities\Element\Traits\Aft2d_ElementSurfaceTraits.hxx">
      <Filter>AutLib\MeshAft\Entities\Element\Traits</Filter>
    </ClInclude>
    <ClInclude Include="AutLib\MeshAft\Entities\Element\Traits\Aft2d_ElementAnIsoTraits.hxx">
      <Filter>AutLib\MeshAft\Entities\Element\Traits</Filter>
    </ClInclude>
    <ClInclude Include="AutLib\MeshAft\Entities\Element\AnIso\Aft2d_ElementAnIso.hxx">
      <Filter>AutLib\MeshAft\Entities\Element\AnIso</Filter>
    </ClInclude>
    <ClInclude Include="AutLib\MeshAft\Entities\Element\Surface\Aft2d_ElementSurface.hxx">
      <Filter>AutLib\MeshAft\Entities\Element\Surface</Filter>
    </ClInclude>
    <ClInclude Include="AutLib\MeshAft\Entities\Element\Iso\Aft3d_Element.hxx">
      <Filter>AutLib\MeshAft\Entities\Element\Iso</Filter>
    </ClInclude>
    <ClInclude Include="AutLib\MeshAft\Entities\Element\Iso\Aft2d_Element.hxx">
      <Filter>AutLib\MeshAft\Entities\Element\Iso</Filter>
    </ClInclude>
    <ClInclude Include="AutLib\MeshAft\Entities\Element\AnIso\Aft3d_ElementAnIso.hxx">
      <Filter>AutLib\MeshAft\Entities\Element\AnIso</Filter>
    </ClInclude>
    <ClInclude Include="AutLib\MeshAft\Data\Cavity\Aft_CavityData.hxx">
      <Filter>AutLib\MeshAft\Data\Cavity</Filter>
    </ClInclude>
    <ClInclude Include="AutLib\MeshAft\Data\Front\2d\Iso\Aft2d_FrontGlobalData.hxx">
      <Filter>AutLib\MeshAft\Data\Front\2d\Iso</Filter>
    </ClInclude>
    <ClInclude Include="AutLib\MeshAft\Data\Front\2d\Iso\Aft2d_FrontGlobalDataFwd.hxx">
      <Filter>AutLib\MeshAft\Data\Front\2d\Iso</Filter>
    </ClInclude>
    <ClInclude Include="AutLib\MeshAft\Data\Front\2d\Info\Adaptor\Aft2d_FrontInfoAdaptorTemplate.hxx">
      <Filter>AutLib\MeshAft\Data\Front\2d\Info\Adaptor</Filter>
    </ClInclude>
    <ClInclude Include="AutLib\MeshAft\Data\Front\2d\Info\Aft2d_FrontInfoTemplate.hxx">
      <Filter>AutLib\MeshAft\Data\Front\2d\Info</Filter>
    </ClInclude>
    <ClInclude Include="AutLib\MeshAft\Data\Front\2d\Info\Aft2d_FrontInfoTemplateI.hxx">
      <Filter>AutLib\MeshAft\Data\Front\2d\Info</Filter>
    </ClInclude>
    <ClInclude Include="AutLib\MeshAft\Data\Front\Info\Aft_FrontInfo.hxx">
      <Filter>AutLib\MeshAft\Data\Front\Info</Filter>
    </ClInclude>
    <ClInclude Include="AutLib\MeshAft\Data\Front\Data\Aft_FrontGlobalData.hxx">
      <Filter>AutLib\MeshAft\Data\Front\Data</Filter>
    </ClInclude>
    <ClInclude Include="AutLib\MeshAft\Data\Front\Traits\Aft_FrontTraits.hxx">
      <Filter>AutLib\MeshAft\Data\Front\Traits</Filter>
    </ClInclude>
    <ClInclude Include="AutLib\MeshAft\Data\Front\2d\Iso\Info\Adaptor\Aft2d_FrontInfoAdaptor.hxx">
      <Filter>AutLib\MeshAft\Data\Front\2d\Iso\Info\Adaptor</Filter>
    </ClInclude>
    <ClInclude Include="AutLib\MeshAft\Data\Front\2d\Iso\Info\Adaptor\Aft2d_FrontInfoAdaptorFwd.hxx">
      <Filter>AutLib\MeshAft\Data\Front\2d\Iso\Info\Adaptor</Filter>
    </ClInclude>
    <ClInclude Include="AutLib\MeshAft\Data\Front\2d\Iso\Info\Aft2d_FrontInfo.hxx">
      <Filter>AutLib\MeshAft\Data\Front\2d\Iso\Info</Filter>
    </ClInclude>
    <ClInclude Include="AutLib\MeshAft\Data\Front\2d\Iso\Info\Aft2d_FrontInfoFwd.hxx">
      <Filter>AutLib\MeshAft\Data\Front\2d\Iso\Info</Filter>
    </ClInclude>
    <ClInclude Include="AutLib\MeshAft\Data\Front\2d\AnIso\Info\Adaptor\Aft2d_FrontAnIsoInfoAdaptor.hxx">
      <Filter>AutLib\MeshAft\Data\Front\2d\AnIso\Info\Adaptor</Filter>
    </ClInclude>
    <ClInclude Include="AutLib\MeshAft\Data\Front\2d\AnIso\Info\Adaptor\Aft2d_FrontAnIsoInfoAdaptorFwd.hxx">
      <Filter>AutLib\MeshAft\Data\Front\2d\AnIso\Info\Adaptor</Filter>
    </ClInclude>
    <ClInclude Include="AutLib\MeshAft\Data\Front\2d\AnIso\Info\Aft2d_FrontAnIsoInfo.hxx">
      <Filter>AutLib\MeshAft\Data\Front\2d\AnIso\Info</Filter>
    </ClInclude>
    <ClInclude Include="AutLib\MeshAft\Data\Front\2d\AnIso\Info\Aft2d_FrontAnIsoInfoFwd.hxx">
      <Filter>AutLib\MeshAft\Data\Front\2d\AnIso\Info</Filter>
    </ClInclude>
    <ClInclude Include="AutLib\MeshAft\System\Mesh_AftTypeTraits.hxx">
      <Filter>AutLib\MeshAft\System</Filter>
    </ClInclude>
    <ClInclude Include="AutLib\MeshAft\Data\Front\2d\AnIso\Aft2d_FrontAnIsoGlobalData.hxx">
      <Filter>AutLib\MeshAft\Data\Front\2d\AnIso</Filter>
    </ClInclude>
    <ClInclude Include="AutLib\MeshAft\Data\Front\2d\AnIso\Aft2d_FrontAnIsoGlobalDataFwd.hxx">
      <Filter>AutLib\MeshAft\Data\Front\2d\AnIso</Filter>
    </ClInclude>
    <ClInclude Include="AutLib\MeshAft\Data\Front\Surface\Info\Adaptor\Aft2d_FrontSurfaceInfoAdaptor.hxx">
      <Filter>AutLib\MeshAft\Data\Front\Surface\Info\Adaptor</Filter>
    </ClInclude>
    <ClInclude Include="AutLib\MeshAft\Data\Front\Surface\Info\Adaptor\Aft2d_FrontSurfaceInfoAdaptorFwd.hxx">
      <Filter>AutLib\MeshAft\Data\Front\Surface\Info\Adaptor</Filter>
    </ClInclude>
    <ClInclude Include="AutLib\MeshAft\Data\Front\Surface\Info\Aft2d_FrontSurfaceInfo.hxx">
      <Filter>AutLib\MeshAft\Data\Front\Surface\Info</Filter>
    </ClInclude>
    <ClInclude Include="AutLib\MeshAft\Entities\Bnd\Node\Aft_BndNode.hxx">
      <Filter>AutLib\MeshAft\Entities\Bnd\Node</Filter>
    </ClInclude>
    <ClInclude Include="AutLib\MeshAft\Entities\Bnd\Node\Adaptor\Aft_BndNodeAdaptor.hxx">
      <Filter>AutLib\MeshAft\Entities\Bnd\Node\Adaptor</Filter>
    </ClInclude>
    <ClInclude Include="AutLib\MeshAft\Entities\Bnd\Node\TNode\Aft_TBndNode.hxx">
      <Filter>AutLib\MeshAft\Entities\Bnd\Node\TNode</Filter>
    </ClInclude>
    <ClInclude Include="AutLib\MeshAft\Entities\Bnd\Node\Iso\Aft2d_SegmentNodeFwd.hxx">
      <Filter>AutLib\MeshAft\Entities\Bnd\Node\Iso</Filter>
    </ClInclude>
    <ClInclude Include="AutLib\MeshAft\Entities\Bnd\Node\Iso\Aft3d_SegmentNodeFwd.hxx">
      <Filter>AutLib\MeshAft\Entities\Bnd\Node\Iso</Filter>
    </ClInclude>
    <ClInclude Include="AutLib\MeshAft\Entities\Bnd\Node\Iso\Aft2d_CornerNodeFwd.hxx">
      <Filter>AutLib\MeshAft\Entities\Bnd\Node\Iso</Filter>
    </ClInclude>
    <ClInclude Include="AutLib\MeshAft\Entities\Bnd\Node\Iso\Aft3d_CornerNodeFwd.hxx">
      <Filter>AutLib\MeshAft\Entities\Bnd\Node\Iso</Filter>
    </ClInclude>
    <ClInclude Include="AutLib\MeshAft\Entities\Bnd\Node\Iso\Aft3d_FacetNodeFwd.hxx">
      <Filter>AutLib\MeshAft\Entities\Bnd\Node\Iso</Filter>
    </ClInclude>
    <ClInclude Include="AutLib\MeshAft\Entities\Bnd\Node\Iso\BNode\Aft2d_BndNodeFwd.hxx">
      <Filter>AutLib\MeshAft\Entities\Bnd\Node\Iso\BNode</Filter>
    </ClInclude>
    <ClInclude Include="AutLib\MeshAft\Entities\Bnd\Node\Iso\BNode\Aft3d_BndNodeFwd.hxx">
      <Filter>AutLib\MeshAft\Entities\Bnd\Node\Iso\BNode</Filter>
    </ClInclude>
    <ClInclude Include="AutLib\MeshAft\Entities\Bnd\Node\AnIso\BNode\Aft2d_BndNodeAnIsoFwd.hxx">
      <Filter>AutLib\MeshAft\Entities\Bnd\Node\AnIso\Bnd</Filter>
    </ClInclude>
    <ClInclude Include="AutLib\MeshAft\Entities\Bnd\Node\AnIso\BNode\Aft3d_BndNodeAnIsoFwd.hxx">
      <Filter>AutLib\MeshAft\Entities\Bnd\Node\AnIso\Bnd</Filter>
    </ClInclude>
    <ClInclude Include="AutLib\MeshAft\Entities\Bnd\Node\AnIso\Aft2d_CornerNodeAnIsoFwd.hxx">
      <Filter>AutLib\MeshAft\Entities\Bnd\Node\AnIso</Filter>
    </ClInclude>
    <ClInclude Include="AutLib\MeshAft\Entities\Bnd\Node\AnIso\Aft2d_SegmentNodeAnIsoFwd.hxx">
      <Filter>AutLib\MeshAft\Entities\Bnd\Node\AnIso</Filter>
    </ClInclude>
    <ClInclude Include="AutLib\MeshAft\Entities\Bnd\Node\AnIso\Aft3d_CornerNodeAnIsoFwd.hxx">
      <Filter>AutLib\MeshAft\Entities\Bnd\Node\AnIso</Filter>
    </ClInclude>
    <ClInclude Include="AutLib\MeshAft\Entities\Bnd\Node\AnIso\Aft3d_FacetNodeAnIsoFwd.hxx">
      <Filter>AutLib\MeshAft\Entities\Bnd\Node\AnIso</Filter>
    </ClInclude>
    <ClInclude Include="AutLib\MeshAft\Entities\Bnd\Node\AnIso\Aft3d_SegmentNodeAnIsoFwd.hxx">
      <Filter>AutLib\MeshAft\Entities\Bnd\Node\AnIso</Filter>
    </ClInclude>
    <ClInclude Include="AutLib\MeshAft\Entities\Bnd\Edge\Adaptor\Aft_BndEdgeAdaptor.hxx">
      <Filter>AutLib\MeshAft\Entities\Bnd\Edge\Adaptor</Filter>
    </ClInclude>
    <ClInclude Include="AutLib\MeshAft\Entities\Bnd\Edge\Aft_BndEdge.hxx">
      <Filter>AutLib\MeshAft\Entities\Bnd\Edge</Filter>
    </ClInclude>
    <ClInclude Include="AutLib\MeshAft\Entities\Bnd\Edge\Aft_BndEdgeI.hxx">
      <Filter>AutLib\MeshAft\Entities\Bnd\Edge</Filter>
    </ClInclude>
    <ClInclude Include="AutLib\MeshAft\Entities\Bnd\Edge\TEdge\Aft_TBndEdge.hxx">
      <Filter>AutLib\MeshAft\Entities\Bnd\Edge\TEdge</Filter>
    </ClInclude>
    <ClInclude Include="AutLib\MeshAft\Entities\Bnd\Edge\TEdge\Aft_TBndEdgeI.hxx">
      <Filter>AutLib\MeshAft\Entities\Bnd\Edge\TEdge</Filter>
    </ClInclude>
    <ClInclude Include="AutLib\MeshAft\Entities\Bnd\Edge\Iso\BEdge\Aft2d_BndEdgeFwd.hxx">
      <Filter>AutLib\MeshAft\Entities\Bnd\Edge\Iso\BEdge</Filter>
    </ClInclude>
    <ClInclude Include="AutLib\MeshAft\Entities\Bnd\Edge\Iso\BEdge\Aft3d_BndEdgeFwd.hxx">
      <Filter>AutLib\MeshAft\Entities\Bnd\Edge\Iso\BEdge</Filter>
    </ClInclude>
    <ClInclude Include="AutLib\MeshAft\Entities\Bnd\Edge\Surface\BEdge\Aft2d_BndEdgeSurfaceFwd.hxx">
      <Filter>AutLib\MeshAft\Entities\Bnd\Edge\Surface\BEdge</Filter>
    </ClInclude>
    <ClInclude Include="AutLib\MeshAft\Entities\Bnd\Edge\Iso\Aft2d_SegmentEdgeFwd.hxx">
      <Filter>AutLib\MeshAft\Entities\Bnd\Edge\Iso</Filter>
    </ClInclude>
    <ClInclude Include="AutLib\MeshAft\Entities\Bnd\Edge\Iso\Aft3d_SegmentEdgeFwd.hxx">
      <Filter>AutLib\MeshAft\Entities\Bnd\Edge\Iso</Filter>
    </ClInclude>
    <ClInclude Include="AutLib\MeshAft\Entities\Bnd\Edge\Iso\Aft3d_FacetEdgeFwd.hxx">
      <Filter>AutLib\MeshAft\Entities\Bnd\Edge\Iso</Filter>
    </ClInclude>
    <ClInclude Include="AutLib\MeshAft\Entities\Bnd\Edge\AnIso\Aft2d_SegmentEdgeAnIsoFwd.hxx">
      <Filter>AutLib\MeshAft\Entities\Bnd\Edge\AnIso</Filter>
    </ClInclude>
    <ClInclude Include="AutLib\MeshAft\Entities\Bnd\Edge\AnIso\Aft3d_SegmentEdgeAnIsoFwd.hxx">
      <Filter>AutLib\MeshAft\Entities\Bnd\Edge\AnIso</Filter>
    </ClInclude>
    <ClInclude Include="AutLib\MeshAft\Entities\Bnd\Edge\AnIso\Aft3d_FacetEdgeAnIsoFwd.hxx">
      <Filter>AutLib\MeshAft\Entities\Bnd\Edge\AnIso</Filter>
    </ClInclude>
    <ClInclude Include="AutLib\MeshAft\Entities\Bnd\Node\Traits\Aft2d_BndNodeTraits.hxx">
      <Filter>AutLib\MeshAft\Entities\Bnd\Node\Traits</Filter>
    </ClInclude>
    <ClInclude Include="AutLib\MeshAft\Entities\Bnd\Node\Traits\Aft2d_BndNodeAnIsoTraits.hxx">
      <Filter>AutLib\MeshAft\Entities\Bnd\Node\Traits</Filter>
    </ClInclude>
    <ClInclude Include="AutLib\MeshAft\Entities\Bnd\Edge\AnIso\BEdge\Aft3d_BndEdgeAnIsoFwd.hxx">
      <Filter>AutLib\MeshAft\Entities\Bnd\Edge\AnIso\BEdge</Filter>
    </ClInclude>
    <ClInclude Include="AutLib\MeshAft\Entities\Bnd\Edge\AnIso\BEdge\Aft2d_BndEdgeAnIsoFwd.hxx">
      <Filter>AutLib\MeshAft\Entities\Bnd\Edge\AnIso\BEdge</Filter>
    </ClInclude>
    <ClInclude Include="AutLib\MeshAft\Entities\Bnd\Node\Traits\Aft2d_TBndNodeTraits.hxx">
      <Filter>AutLib\MeshAft\Entities\Bnd\Node\Traits</Filter>
    </ClInclude>
    <ClInclude Include="AutLib\MeshAft\Entities\Bnd\Node\Traits\Aft2d_TBndNodeAnIsoTraits.hxx">
      <Filter>AutLib\MeshAft\Entities\Bnd\Node\Traits</Filter>
    </ClInclude>
    <ClInclude Include="AutLib\MeshAft\Entities\Bnd\Node\Iso\Aft2d_CornerNode.hxx">
      <Filter>AutLib\MeshAft\Entities\Bnd\Node\Iso</Filter>
    </ClInclude>
    <ClInclude Include="AutLib\MeshAft\Entities\Bnd\Node\Iso\Aft2d_SegmentNode.hxx">
      <Filter>AutLib\MeshAft\Entities\Bnd\Node\Iso</Filter>
    </ClInclude>
    <ClInclude Include="AutLib\MeshAft\Entities\Bnd\Node\AnIso\Aft2d_CornerNodeAnIso.hxx">
      <Filter>AutLib\MeshAft\Entities\Bnd\Node\AnIso</Filter>
    </ClInclude>
    <ClInclude Include="AutLib\MeshAft\Entities\Bnd\Node\AnIso\Aft2d_SegmentNodeAnIso.hxx">
      <Filter>AutLib\MeshAft\Entities\Bnd\Node\AnIso</Filter>
    </ClInclude>
    <ClInclude Include="AutLib\MeshAft\Entities\Bnd\Node\Iso\BNode\Aft2d_BndNode.hxx">
      <Filter>AutLib\MeshAft\Entities\Bnd\Node\Iso\BNode</Filter>
    </ClInclude>
    <ClInclude Include="AutLib\MeshAft\Entities\Bnd\Node\AnIso\BNode\Aft2d_BndNodeAnIso.hxx">
      <Filter>AutLib\MeshAft\Entities\Bnd\Node\AnIso\Bnd</Filter>
    </ClInclude>
    <ClInclude Include="AutLib\MeshAft\Entities\Bnd\Edge\Traits\Aft2d_BndEdgeTraits.hxx">
      <Filter>AutLib\MeshAft\Entities\Bnd\Edge\Traits</Filter>
    </ClInclude>
    <ClInclude Include="AutLib\MeshAft\Entities\Bnd\Edge\Traits\Aft2d_BndEdgeAnIsoTraits.hxx">
      <Filter>AutLib\MeshAft\Entities\Bnd\Edge\Traits</Filter>
    </ClInclude>
    <ClInclude Include="AutLib\MeshAft\Entities\Bnd\Edge\Traits\Aft2d_TBndEdgeTraits.hxx">
      <Filter>AutLib\MeshAft\Entities\Bnd\Edge\Traits</Filter>
    </ClInclude>
    <ClInclude Include="AutLib\MeshAft\Entities\Bnd\Edge\Traits\Aft2d_TBndEdgeAnIsoTraits.hxx">
      <Filter>AutLib\MeshAft\Entities\Bnd\Edge\Traits</Filter>
    </ClInclude>
    <ClInclude Include="AutLib\MeshAft\Entities\Bnd\Edge\Iso\Aft2d_SegmentEdge.hxx">
      <Filter>AutLib\MeshAft\Entities\Bnd\Edge\Iso</Filter>
    </ClInclude>
    <ClInclude Include="AutLib\MeshAft\Entities\Bnd\Edge\AnIso\Aft2d_SegmentEdgeAnIso.hxx">
      <Filter>AutLib\MeshAft\Entities\Bnd\Edge\AnIso</Filter>
    </ClInclude>
    <ClInclude Include="AutLib\MeshAft\Entities\Bnd\Edge\Iso\BEdge\Aft2d_BndEdge.hxx">
      <Filter>AutLib\MeshAft\Entities\Bnd\Edge\Iso\BEdge</Filter>
    </ClInclude>
    <ClInclude Include="AutLib\MeshAft\Entities\Bnd\Edge\AnIso\BEdge\Aft2d_BndEdgeAnIso.hxx">
      <Filter>AutLib\MeshAft\Entities\Bnd\Edge\AnIso\BEdge</Filter>
    </ClInclude>
    <ClInclude Include="AutLib\MeshAft\Entities\Bnd\Node\Traits\Aft2d_BndNodeSurfaceTraits.hxx">
      <Filter>AutLib\MeshAft\Entities\Bnd\Node\Traits</Filter>
    </ClInclude>
    <ClInclude Include="AutLib\MeshAft\Entities\Bnd\Node\Surface\BNode\Aft2d_BndNodeSurfaceFwd.hxx">
      <Filter>AutLib\MeshAft\Entities\Bnd\Node\Surface\BNode</Filter>
    </ClInclude>
    <ClInclude Include="AutLib\MeshAft\Entities\Bnd\Node\Surface\Aft2d_gCornerNodeFwd.hxx">
      <Filter>AutLib\MeshAft\Entities\Bnd\Node\Surface</Filter>
    </ClInclude>
    <ClInclude Include="AutLib\MeshAft\Entities\Bnd\Node\Surface\Aft2d_tCornerNodeFwd.hxx">
      <Filter>AutLib\MeshAft\Entities\Bnd\Node\Surface</Filter>
    </ClInclude>
    <ClInclude Include="AutLib\MeshAft\Entities\Bnd\Node\Surface\Aft2d_gSegmentNodeFwd.hxx">
      <Filter>AutLib\MeshAft\Entities\Bnd\Node\Surface</Filter>
    </ClInclude>
    <ClInclude Include="AutLib\MeshAft\Entities\Bnd\Node\Surface\Aft2d_tSegmentNodeFwd.hxx">
      <Filter>AutLib\MeshAft\Entities\Bnd\Node\Surface</Filter>
    </ClInclude>
    <ClInclude Include="AutLib\MeshAft\Entities\Bnd\Edge\Surface\Aft2d_gSegmentEdgeFwd.hxx">
      <Filter>AutLib\MeshAft\Entities\Bnd\Edge\Surface</Filter>
    </ClInclude>
    <ClInclude Include="AutLib\MeshAft\Entities\Bnd\Edge\Surface\Aft2d_tSegmentEdgeFwd.hxx">
      <Filter>AutLib\MeshAft\Entities\Bnd\Edge\Surface</Filter>
    </ClInclude>
    <ClInclude Include="AutLib\MeshAft\Entities\Bnd\Edge\Traits\Aft2d_BndEdgeSurfaceTraits.hxx">
      <Filter>AutLib\MeshAft\Entities\Bnd\Edge\Traits</Filter>
    </ClInclude>
    <ClInclude Include="AutLib\MeshAft\Entities\Bnd\Node\Surface\BNode\Aft2d_BndNodeSurface.hxx">
      <Filter>AutLib\MeshAft\Entities\Bnd\Node\Surface\BNode</Filter>
    </ClInclude>
    <ClInclude Include="AutLib\MeshAft\Entities\Bnd\Edge\Surface\BEdge\Aft2d_BndEdgeSurface.hxx">
      <Filter>AutLib\MeshAft\Entities\Bnd\Edge\Surface\BEdge</Filter>
    </ClInclude>
    <ClInclude Include="AutLib\MeshAft\Entities\Bnd\Edge\Surface\Aft2d_gSegmentEdge.hxx">
      <Filter>AutLib\MeshAft\Entities\Bnd\Edge\Surface</Filter>
    </ClInclude>
    <ClInclude Include="AutLib\MeshAft\Entities\Bnd\Edge\Surface\Aft2d_tSegmentEdge.hxx">
      <Filter>AutLib\MeshAft\Entities\Bnd\Edge\Surface</Filter>
    </ClInclude>
    <ClInclude Include="AutLib\MeshAft\Entities\Bnd\Edge\Traits\Aft2d_gBndEdgeSurfaceTraits.hxx">
      <Filter>AutLib\MeshAft\Entities\Bnd\Edge\Traits</Filter>
    </ClInclude>
    <ClInclude Include="AutLib\MeshAft\Entities\Bnd\Edge\Traits\Aft2d_tBndEdgeSurfaceTraits.hxx">
      <Filter>AutLib\MeshAft\Entities\Bnd\Edge\Traits</Filter>
    </ClInclude>
    <ClInclude Include="AutLib\MeshAft\Entities\Bnd\Node\Traits\Aft2d_gBndNodeSurfaceTraits.hxx">
      <Filter>AutLib\MeshAft\Entities\Bnd\Node\Traits</Filter>
    </ClInclude>
    <ClInclude Include="AutLib\MeshAft\Entities\Bnd\Node\Traits\Aft2d_tBndNodeSurfaceTraits.hxx">
      <Filter>AutLib\MeshAft\Entities\Bnd\Node\Traits</Filter>
    </ClInclude>
    <ClInclude Include="AutLib\MeshAft\Entities\Bnd\Node\Surface\Aft2d_gCornerNode.hxx">
      <Filter>AutLib\MeshAft\Entities\Bnd\Node\Surface</Filter>
    </ClInclude>
    <ClInclude Include="AutLib\MeshAft\Entities\Bnd\Node\Surface\Aft2d_tCornerNode.hxx">
      <Filter>AutLib\MeshAft\Entities\Bnd\Node\Surface</Filter>
    </ClInclude>
    <ClInclude Include="AutLib\MeshAft\Entities\Bnd\Node\Surface\Aft2d_gSegmentNode.hxx">
      <Filter>AutLib\MeshAft\Entities\Bnd\Node\Surface</Filter>
    </ClInclude>
    <ClInclude Include="AutLib\MeshAft\Entities\Bnd\Node\Surface\Aft2d_tSegmentNode.hxx">
      <Filter>AutLib\MeshAft\Entities\Bnd\Node\Surface</Filter>
    </ClInclude>
    <ClInclude Include="AutLib\MeshAft\MetricProcessor\Aft_MetricPrcsrI.hxx">
      <Filter>AutLib\MeshAft\MetricProcessor</Filter>
    </ClInclude>
    <ClInclude Include="AutLib\MeshAft\MetricProcessor\Aft_MetricPrcsr.hxx">
      <Filter>AutLib\MeshAft\MetricProcessor</Filter>
    </ClInclude>
    <ClInclude Include="AutLib\MeshAft\MetricProcessor\AnIso\2d\Aft2d_MetricPrcsrAnIso.hxx">
      <Filter>AutLib\MeshAft\MetricProcessor\AnIso\2d</Filter>
    </ClInclude>
    <ClInclude Include="AutLib\MeshAft\MetricProcessor\AnIso\Info\Aft_MetricPrcsrAnIso_Info.hxx">
      <Filter>AutLib\MeshAft\MetricProcessor\AnIso\Info</Filter>
    </ClInclude>
    <ClInclude Include="AutLib\MeshAft\MetricProcessor\AnIso\System\Aft2d_MetricPrcsrAnIso_System.hxx">
      <Filter>AutLib\MeshAft\MetricProcessor\AnIso\System</Filter>
    </ClInclude>
    <ClInclude Include="AutLib\MeshAft\MetricProcessor\AnIso\Surface\Aft2d_MetricPrcsrSurface.hxx">
      <Filter>AutLib\MeshAft\MetricProcessor\AnIso\Surface</Filter>
    </ClInclude>
    <ClInclude Include="AutLib\MeshAft\MetricProcessor\Iso\2d\Aft2d_MetricPrcsr.hxx">
      <Filter>AutLib\MeshAft\MetricProcessor\Iso\2d</Filter>
    </ClInclude>
    <ClInclude Include="AutLib\MeshAft\MetricProcessor\Iso\3d\Aft3d_MetricPrcsr.hxx">
      <Filter>AutLib\MeshAft\MetricProcessor\Iso\3d</Filter>
    </ClInclude>
  </ItemGroup>
  <ItemGroup>
    <ClCompile Include="AutLib\MeshAft\Entities\Node\Aft_Node.cxx">
      <Filter>AutLib\MeshAft\Entities\Node</Filter>
    </ClCompile>
    <ClCompile Include="AutLib\MeshAft\Entities\Edge\Aft_Edge.cxx">
      <Filter>AutLib\MeshAft\Entities\Edge</Filter>
    </ClCompile>
    <ClCompile Include="AutLib\MeshAft\Data\Front\2d\Info\Aft2d_FrontInfoTemplate.cxx">
      <Filter>AutLib\MeshAft\Data\Front\2d\Info</Filter>
    </ClCompile>
    <ClCompile Include="AutLib\MeshAft\MetricProcessor\Aft_MetricPrcsr.cxx">
      <Filter>AutLib\MeshAft\MetricProcessor</Filter>
    </ClCompile>
    <ClCompile Include="AutLib\MeshAft\MetricProcessor\AnIso\2d\Aft2d_MetricPrcsrAnIso.cxx">
      <Filter>AutLib\MeshAft\MetricProcessor\AnIso\2d</Filter>
    </ClCompile>
    <ClCompile Include="AutLib\MeshAft\MetricProcessor\AnIso\Info\Aft_MetricPrcsrAnIso_Info.cxx">
      <Filter>AutLib\MeshAft\MetricProcessor\AnIso\Info</Filter>
    </ClCompile>
    <ClCompile Include="AutLib\MeshAft\MetricProcessor\AnIso\System\Aft2d_MetricPrcsrAnIso_System.cxx">
      <Filter>AutLib\MeshAft\MetricProcessor\AnIso\System</Filter>
    </ClCompile>
    <ClCompile Include="AutLib\MeshAft\MetricProcessor\AnIso\Surface\Aft2d_MetricPrcsrSurface.cxx">
      <Filter>AutLib\MeshAft\MetricProcessor\AnIso\Surface</Filter>
    </ClCompile>
  </ItemGroup>
</Project>