<?xml version="1.0" encoding="utf-8"?>
<Project ToolsVersion="4.0" xmlns="http://schemas.microsoft.com/developer/msbuild/2003">
  <ItemGroup>
    <Filter Include="AutLib">
      <UniqueIdentifier>{bec0a158-ae03-404d-bd7a-7036fd50ea74}</UniqueIdentifier>
    </Filter>
    <Filter Include="AutLib\VesselCoeffForm">
      <UniqueIdentifier>{8e822fb2-caac-4714-b03c-18b3c1d25865}</UniqueIdentifier>
    </Filter>
    <Filter Include="AutLib\VesselCoeffForm\Parameters">
      <UniqueIdentifier>{d269405d-2c8c-49b9-a786-1193d0c6bdb2}</UniqueIdentifier>
    </Filter>
    <Filter Include="AutLib\VesselCoeffForm\Dimensions">
      <UniqueIdentifier>{e8cdaa86-7217-4527-879d-1a71b18a257a}</UniqueIdentifier>
    </Filter>
    <Filter Include="AutLib\VesselCoeffForm\Coeff">
      <UniqueIdentifier>{b8585d6b-f1db-446a-bf67-04a5b9e8e610}</UniqueIdentifier>
    </Filter>
    <Filter Include="AutLib\VesselCoeffForm\Coeff\Info">
      <UniqueIdentifier>{a72051b2-677f-428d-b739-f210c23b403a}</UniqueIdentifier>
    </Filter>
  </ItemGroup>
  <ItemGroup>
    <ClInclude Include="AutLib\VesselCoeffForm\Dimensions\Vessel_DimOfForm.hxx">
      <Filter>AutLib\VesselCoeffForm\Dimensions</Filter>
    </ClInclude>
    <ClInclude Include="AutLib\VesselCoeffForm\Parameters\Vessel_FormParams.hxx">
      <Filter>AutLib\VesselCoeffForm\Parameters</Filter>
    </ClInclude>
    <ClInclude Include="AutLib\VesselCoeffForm\Coeff\Vessel_FormCoeff.hxx">
      <Filter>AutLib\VesselCoeffForm\Coeff</Filter>
    </ClInclude>
    <ClInclude Include="AutLib\VesselCoeffForm\Coeff\Info\Vessel_FormCoeff_Info.hxx">
      <Filter>AutLib\VesselCoeffForm\Coeff\Info</Filter>
    </ClInclude>
    <ClInclude Include="AutLib\VesselCoeffForm\Dimensions\Vessel_FormDim.hxx">
      <Filter>AutLib\VesselCoeffForm\Dimensions</Filter>
    </ClInclude>
  </ItemGroup>
  <ItemGroup>
    <ClCompile Include="AutLib\VesselCoeffForm\Parameters\Vessel_FormParams.cxx">
      <Filter>AutLib\VesselCoeffForm\Parameters</Filter>
    </ClCompile>
    <ClCompile Include="AutLib\VesselCoeffForm\Dimensions\Vessel_DimOfForm.cxx">
      <Filter>AutLib\VesselCoeffForm\Dimensions</Filter>
    </ClCompile>
  </ItemGroup>
</Project>