<?xml version="1.0" encoding="utf-8"?>
<Project ToolsVersion="4.0" xmlns="http://schemas.microsoft.com/developer/msbuild/2003">
  <ItemGroup>
    <Filter Include="Source Files">
      <UniqueIdentifier>{4FC737F1-C7A5-4376-A066-2A32D752A2FF}</UniqueIdentifier>
      <Extensions>cpp;c;cc;cxx;def;odl;idl;hpj;bat;asm;asmx</Extensions>
    </Filter>
    <Filter Include="Header Files">
      <UniqueIdentifier>{93995380-89BD-4b04-88EB-625FBE52EBFB}</UniqueIdentifier>
      <Extensions>h;hh;hpp;hxx;hm;inl;inc;ipp;xsd</Extensions>
    </Filter>
    <Filter Include="Resource Files">
      <UniqueIdentifier>{67DA6AB6-F800-4c08-8B7A-83BB121AAD01}</UniqueIdentifier>
      <Extensions>rc;ico;cur;bmp;dlg;rc2;rct;bin;rgs;gif;jpg;jpeg;jpe;resx;tiff;tif;png;wav;mfcribbon-ms</Extensions>
    </Filter>
    <Filter Include="AutLib">
      <UniqueIdentifier>{767e5640-06e0-4b78-9bba-7c43c5bfa890}</UniqueIdentifier>
    </Filter>
    <Filter Include="AutLib\Model">
      <UniqueIdentifier>{5ca04239-de2f-42c3-8e9a-1f6e690458f9}</UniqueIdentifier>
    </Filter>
    <Filter Include="AutLib\Model\CrvMaker">
      <UniqueIdentifier>{7b17192a-b46a-4b1e-ae11-aceef1dc57ca}</UniqueIdentifier>
    </Filter>
    <Filter Include="AutLib\Model\CrvMaker\Entities">
      <UniqueIdentifier>{763213e5-3a1e-43fd-9cc6-c041e0107e8e}</UniqueIdentifier>
    </Filter>
    <Filter Include="AutLib\Model\CrvMaker\Entities\Entity">
      <UniqueIdentifier>{4a65ef9b-c120-4333-bdae-f85f0813dfb9}</UniqueIdentifier>
    </Filter>
    <Filter Include="AutLib\Model\CrvMaker\Entities\Segment">
      <UniqueIdentifier>{dc1526a2-9cb4-4fdc-ae7d-8bd26d48285c}</UniqueIdentifier>
    </Filter>
    <Filter Include="AutLib\Model\CrvMaker\Entities\Node">
      <UniqueIdentifier>{14931785-cc55-4d3b-b22d-137346e563f8}</UniqueIdentifier>
    </Filter>
    <Filter Include="AutLib\Model\CrvMaker\Entities\Node\Traits">
      <UniqueIdentifier>{e2021335-97da-4728-a80b-c285b4121d1d}</UniqueIdentifier>
    </Filter>
    <Filter Include="AutLib\Model\CrvMaker\Entities\Node\Adaptor">
      <UniqueIdentifier>{778ab766-1262-4807-af21-a749e8888da6}</UniqueIdentifier>
    </Filter>
    <Filter Include="AutLib\Model\CrvMaker\Entities\Edge">
      <UniqueIdentifier>{521f7a4c-2819-4e94-9455-6a4647db3b83}</UniqueIdentifier>
    </Filter>
    <Filter Include="AutLib\Model\CrvMaker\Entities\Pole">
      <UniqueIdentifier>{93126bea-3215-496d-9eba-55ade4a61355}</UniqueIdentifier>
    </Filter>
    <Filter Include="AutLib\Model\CrvMaker\Entities\Datum">
      <UniqueIdentifier>{0c0ecf37-87e8-401f-97d3-9223ecf12898}</UniqueIdentifier>
    </Filter>
    <Filter Include="AutLib\Model\CrvMaker\Variable">
      <UniqueIdentifier>{c5fb6638-823f-4624-b64f-fb14dd8b0611}</UniqueIdentifier>
    </Filter>
    <Filter Include="AutLib\Model\CrvMaker\Variable\Constant">
      <UniqueIdentifier>{79d03307-35fc-419e-952e-5a8deb80358a}</UniqueIdentifier>
    </Filter>
    <Filter Include="AutLib\Model\CrvMaker\Variable\Parameter">
      <UniqueIdentifier>{0fc6b2f8-f958-4844-a009-4474c26858a1}</UniqueIdentifier>
    </Filter>
    <Filter Include="AutLib\Model\CrvMaker\Variable\Parameter\Fixed">
      <UniqueIdentifier>{9662f37e-6c21-48ce-8087-34cf4560ecf1}</UniqueIdentifier>
    </Filter>
    <Filter Include="AutLib\Model\CrvMaker\Variable\Parameter\Bounded">
      <UniqueIdentifier>{eee2f7aa-6e53-4737-9bc0-bc620f4e6fdf}</UniqueIdentifier>
    </Filter>
    <Filter Include="AutLib\Model\CrvMaker\Entities\Node\Dangle">
      <UniqueIdentifier>{344213f1-ae45-4830-8c40-d67d06769fee}</UniqueIdentifier>
    </Filter>
    <Filter Include="AutLib\Model\CrvMaker\Entities\Node\Tight">
      <UniqueIdentifier>{4183f3a2-0441-4151-bfad-f0191ceda093}</UniqueIdentifier>
    </Filter>
    <Filter Include="AutLib\Model\CrvMaker\Freedom">
      <UniqueIdentifier>{ea505914-9fc4-4119-85ef-e4926ffb861a}</UniqueIdentifier>
    </Filter>
    <Filter Include="AutLib\Model\CrvMaker\Freedom\Clamed">
      <UniqueIdentifier>{d5d9ede9-47af-4010-921b-61158eac91d4}</UniqueIdentifier>
    </Filter>
    <Filter Include="AutLib\Model\System">
      <UniqueIdentifier>{2c4e690c-28c6-4ec7-a9cd-15c3e0c99153}</UniqueIdentifier>
    </Filter>
    <Filter Include="AutLib\Model\CrvMaker\Freedom\Dir">
      <UniqueIdentifier>{62287bcd-f0ba-4a24-9787-b969c66113c9}</UniqueIdentifier>
    </Filter>
    <Filter Include="AutLib\Model\CrvMaker\Freedom\Angle">
      <UniqueIdentifier>{e5531fbf-0b2e-4704-b475-6f7a91b38486}</UniqueIdentifier>
    </Filter>
    <Filter Include="AutLib\Model\CrvMaker\Entities\Node\Type">
      <UniqueIdentifier>{c6b6f43e-b812-47e0-a5b0-40783c2ebce2}</UniqueIdentifier>
    </Filter>
    <Filter Include="AutLib\Model\CrvMaker\Frame">
      <UniqueIdentifier>{56b915da-8c4c-482a-be22-344b61f675fa}</UniqueIdentifier>
    </Filter>
    <Filter Include="AutLib\Model\CrvMaker\Frame\Corner">
      <UniqueIdentifier>{edcf25dc-b6d4-4a86-abd8-c6fc6c9fbfee}</UniqueIdentifier>
    </Filter>
    <Filter Include="AutLib\Model\CrvMaker\Frame\Segment">
      <UniqueIdentifier>{c843367d-182b-42ac-851f-81cb25811264}</UniqueIdentifier>
    </Filter>
    <Filter Include="AutLib\Model\CrvMaker\Frame\Step">
      <UniqueIdentifier>{b800f646-e3aa-47a7-87ac-6bbb14742eb8}</UniqueIdentifier>
    </Filter>
    <Filter Include="AutLib\Model\CrvMaker\Frame\U">
      <UniqueIdentifier>{0b7189f3-3bcc-4688-b769-68bc16ac4a8a}</UniqueIdentifier>
    </Filter>
    <Filter Include="AutLib\Model\Section">
      <UniqueIdentifier>{e991f3ff-d0fc-4cbb-83ce-b8f48c4ddc50}</UniqueIdentifier>
    </Filter>
    <Filter Include="AutLib\Model\Section\Half">
      <UniqueIdentifier>{9e1fec08-5ab5-4810-bc27-43c96355d614}</UniqueIdentifier>
    </Filter>
    <Filter Include="AutLib\Model\Section\Full">
      <UniqueIdentifier>{235589db-794b-49f5-ab91-c530ad9a4755}</UniqueIdentifier>
    </Filter>
  </ItemGroup>
  <ItemGroup>
    <ClInclude Include="framework.h">
      <Filter>Header Files</Filter>
    </ClInclude>
    <ClInclude Include="pch.h">
      <Filter>Header Files</Filter>
    </ClInclude>
    <ClInclude Include="AutLib\Model\CrvMaker\Entities\Entity\CrvMaker_Entity.hxx">
      <Filter>AutLib\Model\CrvMaker\Entities\Entity</Filter>
    </ClInclude>
    <ClInclude Include="AutLib\Model\CrvMaker\Entities\Pole\CrvMaker_Pole.hxx">
      <Filter>AutLib\Model\CrvMaker\Entities\Pole</Filter>
    </ClInclude>
    <ClInclude Include="AutLib\Model\CrvMaker\Entities\Datum\CrvMaker_Datum.hxx">
      <Filter>AutLib\Model\CrvMaker\Entities\Datum</Filter>
    </ClInclude>
    <ClInclude Include="AutLib\Model\CrvMaker\Entities\Node\CrvMaker_Node.hxx">
      <Filter>AutLib\Model\CrvMaker\Entities\Node</Filter>
    </ClInclude>
    <ClInclude Include="AutLib\Model\CrvMaker\Variable\CrvMaker_Variable.hxx">
      <Filter>AutLib\Model\CrvMaker\Variable</Filter>
    </ClInclude>
    <ClInclude Include="AutLib\Model\CrvMaker\Variable\Constant\CrvMaker_Contant.hxx">
      <Filter>AutLib\Model\CrvMaker\Variable\Constant</Filter>
    </ClInclude>
    <ClInclude Include="AutLib\Model\CrvMaker\Variable\Parameter\CrvMaker_Parameter.hxx">
      <Filter>AutLib\Model\CrvMaker\Variable\Parameter</Filter>
    </ClInclude>
    <ClInclude Include="AutLib\Model\CrvMaker\Variable\Parameter\Fixed\CrvMaker_FixedParameter.hxx">
      <Filter>AutLib\Model\CrvMaker\Variable\Parameter\Fixed</Filter>
    </ClInclude>
    <ClInclude Include="AutLib\Model\CrvMaker\Variable\Parameter\Bounded\CrvMaker_BndParameter.hxx">
      <Filter>AutLib\Model\CrvMaker\Variable\Parameter\Bounded</Filter>
    </ClInclude>
    <ClInclude Include="AutLib\Model\CrvMaker\Entities\Node\Dangle\CrvMaker_DangleNode.hxx">
      <Filter>AutLib\Model\CrvMaker\Entities\Node\Dangle</Filter>
    </ClInclude>
    <ClInclude Include="AutLib\Model\CrvMaker\Freedom\Clamped\CrvMaker_Clamped.hxx">
      <Filter>AutLib\Model\CrvMaker\Freedom\Clamed</Filter>
    </ClInclude>
    <ClInclude Include="AutLib\Model\CrvMaker\System\CrvMaker_Dimension.hxx">
      <Filter>AutLib\Model\System</Filter>
    </ClInclude>
    <ClInclude Include="AutLib\Model\CrvMaker\Freedom\Dir\CrvMakerFreedom_Dir.hxx">
      <Filter>AutLib\Model\CrvMaker\Freedom\Dir</Filter>
    </ClInclude>
    <ClInclude Include="AutLib\Model\CrvMaker\Entities\Node\Dangle\CrvMaker_DangleNodeFwd.hxx">
      <Filter>AutLib\Model\CrvMaker\Entities\Node\Dangle</Filter>
    </ClInclude>
    <ClInclude Include="AutLib\Model\CrvMaker\Entities\Node\Type\CrvMaker_NodeType.hxx">
      <Filter>AutLib\Model\CrvMaker\Entities\Node\Type</Filter>
    </ClInclude>
    <ClInclude Include="AutLib\Model\CrvMaker\Entities\Segment\CrvMaker_Segment.hxx">
      <Filter>AutLib\Model\CrvMaker\Entities\Segment</Filter>
    </ClInclude>
    <ClInclude Include="AutLib\Model\CrvMaker\Entities\Node\Tight\CrvMaker_TightNode.hxx">
      <Filter>AutLib\Model\CrvMaker\Entities\Node\Tight</Filter>
    </ClInclude>
    <ClInclude Include="AutLib\Model\CrvMaker\Freedom\CrvMaker_Dof.hxx">
      <Filter>AutLib\Model\CrvMaker\Freedom</Filter>
    </ClInclude>
    <ClInclude Include="AutLib\Model\CrvMaker\Freedom\Angle\CrvMakerDof_Angle.hxx">
      <Filter>AutLib\Model\CrvMaker\Freedom\Angle</Filter>
    </ClInclude>
    <ClInclude Include="AutLib\Model\CrvMaker\Frame\CrvMaker_Frame.hxx">
      <Filter>AutLib\Model\CrvMaker\Frame</Filter>
    </ClInclude>
    <ClInclude Include="AutLib\Model\CrvMaker\Frame\Corner\CrvMakerFrame_Corner.hxx">
      <Filter>AutLib\Model\CrvMaker\Frame\Corner</Filter>
    </ClInclude>
    <ClInclude Include="AutLib\Model\Section\Model_Section.hxx">
      <Filter>AutLib\Model\Section</Filter>
    </ClInclude>
    <ClInclude Include="AutLib\Model\Section\Half\Model_HalfSection.hxx">
      <Filter>AutLib\Model\Section\Half</Filter>
    </ClInclude>
  </ItemGroup>
  <ItemGroup>
    <ClCompile Include="AutModel.cpp">
      <Filter>Source Files</Filter>
    </ClCompile>
    <ClCompile Include="pch.cpp">
      <Filter>Source Files</Filter>
    </ClCompile>
  </ItemGroup>
</Project>