<?xml version="1.0" encoding="utf-8"?>
<Project ToolsVersion="4.0" xmlns="http://schemas.microsoft.com/developer/msbuild/2003">
  <ItemGroup>
    <Filter Include="AutLib">
      <UniqueIdentifier>{969c8da6-3298-4551-9bbb-289be74a47f3}</UniqueIdentifier>
    </Filter>
    <Filter Include="AutLib\CadSingularity">
      <UniqueIdentifier>{11374319-5be6-4e35-8b5f-82b443f0f9ba}</UniqueIdentifier>
    </Filter>
    <Filter Include="AutLib\CadSingularity\Horizon">
      <UniqueIdentifier>{a683e74b-ac61-4023-bd85-209eea779aca}</UniqueIdentifier>
    </Filter>
    <Filter Include="AutLib\CadSingularity\Zone">
      <UniqueIdentifier>{404ccc60-425b-4bba-b5d2-c9a1ef569925}</UniqueIdentifier>
    </Filter>
    <Filter Include="AutLib\CadSingularity\Type">
      <UniqueIdentifier>{bf2e7660-49a0-4411-9f44-a9b2ed2ab1a6}</UniqueIdentifier>
    </Filter>
    <Filter Include="AutLib\CadSingularity\Zone\Pole">
      <UniqueIdentifier>{d99f1761-97a5-41cc-990e-6f158566b99b}</UniqueIdentifier>
    </Filter>
    <Filter Include="AutLib\CadSingularity\Zone\Line">
      <UniqueIdentifier>{0cbb435e-ddd1-4582-b9bb-f5f2f1fbb790}</UniqueIdentifier>
    </Filter>
    <Filter Include="AutLib\CadSingularity\Zone\Pole\Corner">
      <UniqueIdentifier>{ee23e4aa-11a2-457d-9486-c32ec02635f9}</UniqueIdentifier>
    </Filter>
    <Filter Include="AutLib\CadSingularity\Zone\Pole\Loop">
      <UniqueIdentifier>{ba2f4f93-0403-403e-9cb7-d622ddb90b67}</UniqueIdentifier>
    </Filter>
    <Filter Include="AutLib\CadSingularity\Zone\Pole\PartialSide">
      <UniqueIdentifier>{63ecbb67-2364-4821-ad05-16060003f791}</UniqueIdentifier>
    </Filter>
    <Filter Include="AutLib\CadSingularity\Zone\Line\Corner">
      <UniqueIdentifier>{f0fa10ad-75ef-4716-9610-dc128a04e51a}</UniqueIdentifier>
    </Filter>
    <Filter Include="AutLib\CadSingularity\Zone\Line\Dangle">
      <UniqueIdentifier>{806fd33e-6192-4597-8be4-d8fe4146ee04}</UniqueIdentifier>
    </Filter>
    <Filter Include="AutLib\CadSingularity\Zone\Line\Loop">
      <UniqueIdentifier>{d40d8f02-729d-401a-85f6-89bd0529e775}</UniqueIdentifier>
    </Filter>
    <Filter Include="AutLib\CadSingularity\Zone\Line\TwoSide">
      <UniqueIdentifier>{97a4e555-8cc7-4ac5-85ea-0e11f8ca8fc4}</UniqueIdentifier>
    </Filter>
    <Filter Include="AutLib\CadSingularity\Zone\Pole\WholeSide">
      <UniqueIdentifier>{9f5ea935-2cd4-44d6-9d27-0a6cd5c15398}</UniqueIdentifier>
    </Filter>
    <Filter Include="AutLib\CadSingularity\Zone\Line\WholeSide">
      <UniqueIdentifier>{e8dd1cc1-f8fe-4e8f-aa69-c7aac64ccb4a}</UniqueIdentifier>
    </Filter>
    <Filter Include="AutLib\CadSingularity\Detection">
      <UniqueIdentifier>{9389fa4d-6f76-4283-b879-b9ba0538c839}</UniqueIdentifier>
    </Filter>
    <Filter Include="AutLib\CadSingularity\Detection\Info">
      <UniqueIdentifier>{d33d6952-4c71-4892-8722-693db97d50d4}</UniqueIdentifier>
    </Filter>
    <Filter Include="AutLib\CadSingularity\Detection\Base">
      <UniqueIdentifier>{569a1687-a07e-4cab-bc07-ce6c162644bd}</UniqueIdentifier>
    </Filter>
    <Filter Include="AutLib\CadSingularity\Curve">
      <UniqueIdentifier>{f2c62216-0172-4d7f-a437-5a9365930844}</UniqueIdentifier>
    </Filter>
    <Filter Include="AutLib\CadSingularity\Curve\Pole">
      <UniqueIdentifier>{efa376b9-b4ab-4b08-9525-cea93ee02e6e}</UniqueIdentifier>
    </Filter>
    <Filter Include="AutLib\CadSingularity\Curve\Line">
      <UniqueIdentifier>{6b2b2d41-462c-4fd6-acc6-8b9fa0f1184b}</UniqueIdentifier>
    </Filter>
    <Filter Include="AutLib\CadSingularity\Detection\System">
      <UniqueIdentifier>{693e9bd8-f5a6-4062-96ee-0beb13aa22cc}</UniqueIdentifier>
    </Filter>
    <Filter Include="AutLib\CadSingularity\Detection\G">
      <UniqueIdentifier>{d5151c18-43eb-42f4-a48c-8fa16cc2b509}</UniqueIdentifier>
    </Filter>
    <Filter Include="AutLib\CadSingularity\Detection\T">
      <UniqueIdentifier>{d0efd434-ab59-4fa7-9315-8228cbcae1f0}</UniqueIdentifier>
    </Filter>
    <Filter Include="AutLib\CadSingularity\Detection\Base\G">
      <UniqueIdentifier>{87aa79bc-b112-47c3-b407-0161f03937a3}</UniqueIdentifier>
    </Filter>
    <Filter Include="AutLib\CadSingularity\Detection\Base\T">
      <UniqueIdentifier>{94617c79-40fc-4b09-944f-bd743188bcae}</UniqueIdentifier>
    </Filter>
  </ItemGroup>
  <ItemGroup>
    <ClInclude Include="AutLib\CadSingularity\Horizon\CadSingularity_Horizon.hxx">
      <Filter>AutLib\CadSingularity\Horizon</Filter>
    </ClInclude>
    <ClInclude Include="AutLib\CadSingularity\Zone\Cad_SingularZone.hxx">
      <Filter>AutLib\CadSingularity\Zone</Filter>
    </ClInclude>
    <ClInclude Include="AutLib\CadSingularity\Type\Cad_SingularType.hxx">
      <Filter>AutLib\CadSingularity\Type</Filter>
    </ClInclude>
    <ClInclude Include="AutLib\CadSingularity\Zone\Pole\SingularZone_Pole.hxx">
      <Filter>AutLib\CadSingularity\Zone\Pole</Filter>
    </ClInclude>
    <ClInclude Include="AutLib\CadSingularity\Zone\Line\SingularZone_Line.hxx">
      <Filter>AutLib\CadSingularity\Zone\Line</Filter>
    </ClInclude>
    <ClInclude Include="AutLib\CadSingularity\Zone\Pole\Corner\SingularZone_Pole_Corner.hxx">
      <Filter>AutLib\CadSingularity\Zone\Pole\Corner</Filter>
    </ClInclude>
    <ClInclude Include="AutLib\CadSingularity\Zone\Pole\Loop\SingularZone_Pole_Loop.hxx">
      <Filter>AutLib\CadSingularity\Zone\Pole\Loop</Filter>
    </ClInclude>
    <ClInclude Include="AutLib\CadSingularity\Zone\Pole\PartialSide\SingularZone_Pole_PartialSide.hxx">
      <Filter>AutLib\CadSingularity\Zone\Pole\PartialSide</Filter>
    </ClInclude>
    <ClInclude Include="AutLib\CadSingularity\Zone\Pole\WholeSide\SingularZone_Pole_WholeSide.hxx">
      <Filter>AutLib\CadSingularity\Zone\Pole\WholeSide</Filter>
    </ClInclude>
    <ClInclude Include="AutLib\CadSingularity\Zone\Line\Corner\SingularZone_Line_Corner.hxx">
      <Filter>AutLib\CadSingularity\Zone\Line\Corner</Filter>
    </ClInclude>
    <ClInclude Include="AutLib\CadSingularity\Zone\Line\Dangle\SingularZone_Line_Dangle.hxx">
      <Filter>AutLib\CadSingularity\Zone\Line\Dangle</Filter>
    </ClInclude>
    <ClInclude Include="AutLib\CadSingularity\Zone\Line\Loop\SingularZone_Line_Loop.hxx">
      <Filter>AutLib\CadSingularity\Zone\Line\Loop</Filter>
    </ClInclude>
    <ClInclude Include="AutLib\CadSingularity\Zone\Line\WholeSide\SingularZone_Line_WholeSide.hxx">
      <Filter>AutLib\CadSingularity\Zone\Line\WholeSide</Filter>
    </ClInclude>
    <ClInclude Include="AutLib\CadSingularity\Zone\Line\TwoSide\SingularZone_Line_TwoSide.hxx">
      <Filter>AutLib\CadSingularity\Zone\Line\TwoSide</Filter>
    </ClInclude>
    <ClInclude Include="AutLib\CadSingularity\Detection\CadSingularity_Detection.hxx">
      <Filter>AutLib\CadSingularity\Detection</Filter>
    </ClInclude>
    <ClInclude Include="AutLib\CadSingularity\Detection\Info\CadSingularity_Detection_Info.hxx">
      <Filter>AutLib\CadSingularity\Detection\Info</Filter>
    </ClInclude>
    <ClInclude Include="AutLib\CadSingularity\Detection\Base\CadSingularity_Detection_Base.hxx">
      <Filter>AutLib\CadSingularity\Detection\Base</Filter>
    </ClInclude>
    <ClInclude Include="AutLib\CadSingularity\Detection\Base\CadSingularity_Detection_BaseI.hxx">
      <Filter>AutLib\CadSingularity\Detection\Base</Filter>
    </ClInclude>
    <ClInclude Include="AutLib\CadSingularity\Detection\CadSingularity_DetectionI.hxx">
      <Filter>AutLib\CadSingularity\Detection</Filter>
    </ClInclude>
    <ClInclude Include="AutLib\CadSingularity\Curve\CadSingularity_Curve.hxx">
      <Filter>AutLib\CadSingularity\Curve</Filter>
    </ClInclude>
    <ClInclude Include="AutLib\CadSingularity\Curve\Pole\CadSingularity_PoleCurve.hxx">
      <Filter>AutLib\CadSingularity\Curve\Pole</Filter>
    </ClInclude>
    <ClInclude Include="AutLib\CadSingularity\Curve\Line\CadSingularity_LineCurve.hxx">
      <Filter>AutLib\CadSingularity\Curve\Line</Filter>
    </ClInclude>
    <ClInclude Include="AutLib\CadSingularity\Detection\System\CadSingularity_Detection_System.hxx">
      <Filter>AutLib\CadSingularity\Detection\System</Filter>
    </ClInclude>
    <ClInclude Include="AutLib\CadSingularity\Detection\G\CadSingularity_gDetection.hxx">
      <Filter>AutLib\CadSingularity\Detection\G</Filter>
    </ClInclude>
    <ClInclude Include="AutLib\CadSingularity\Detection\T\CadSingularity_tDetection.hxx">
      <Filter>AutLib\CadSingularity\Detection\T</Filter>
    </ClInclude>
    <ClInclude Include="AutLib\CadSingularity\Detection\Base\G\CadSingularity_gDetection_Base.hxx">
      <Filter>AutLib\CadSingularity\Detection\Base\G</Filter>
    </ClInclude>
    <ClInclude Include="AutLib\CadSingularity\Detection\Base\T\CadSingularity_tDetection_Base.hxx">
      <Filter>AutLib\CadSingularity\Detection\Base\T</Filter>
    </ClInclude>
  </ItemGroup>
  <ItemGroup>
    <ClCompile Include="AutLib\CadSingularity\Horizon\CadSingularity_Horizon.cxx">
      <Filter>AutLib\CadSingularity\Horizon</Filter>
    </ClCompile>
    <ClCompile Include="AutLib\CadSingularity\Zone\Pole\Corner\SingularZone_Pole_Corner.cxx">
      <Filter>AutLib\CadSingularity\Zone\Pole\Corner</Filter>
    </ClCompile>
    <ClCompile Include="AutLib\CadSingularity\Zone\Pole\Loop\SingularZone_Pole_Loop.cxx">
      <Filter>AutLib\CadSingularity\Zone\Pole\Loop</Filter>
    </ClCompile>
    <ClCompile Include="AutLib\CadSingularity\Zone\Pole\PartialSide\SingularZone_Pole_PartialSide.cxx">
      <Filter>AutLib\CadSingularity\Zone\Pole\PartialSide</Filter>
    </ClCompile>
    <ClCompile Include="AutLib\CadSingularity\Zone\Pole\WholeSide\SingularZone_Pole_WholeSide.cxx">
      <Filter>AutLib\CadSingularity\Zone\Pole\WholeSide</Filter>
    </ClCompile>
    <ClCompile Include="AutLib\CadSingularity\Zone\Line\Corner\SingularZone_Line_Corner.cxx">
      <Filter>AutLib\CadSingularity\Zone\Line\Corner</Filter>
    </ClCompile>
    <ClCompile Include="AutLib\CadSingularity\Zone\Line\Dangle\SingularZone_Line_Dangle.cxx">
      <Filter>AutLib\CadSingularity\Zone\Line\Dangle</Filter>
    </ClCompile>
    <ClCompile Include="AutLib\CadSingularity\Zone\Line\Loop\SingularZone_Line_Loop.cxx">
      <Filter>AutLib\CadSingularity\Zone\Line\Loop</Filter>
    </ClCompile>
    <ClCompile Include="AutLib\CadSingularity\Zone\Line\WholeSide\SingularZone_Line_WholeSide.cxx">
      <Filter>AutLib\CadSingularity\Zone\Line\WholeSide</Filter>
    </ClCompile>
    <ClCompile Include="AutLib\CadSingularity\Zone\Line\TwoSide\SingularZone_Line_TwoSide.cxx">
      <Filter>AutLib\CadSingularity\Zone\Line\TwoSide</Filter>
    </ClCompile>
    <ClCompile Include="AutLib\CadSingularity\Detection\Info\CadSingularity_Detection_Info.cxx">
      <Filter>AutLib\CadSingularity\Detection\Info</Filter>
    </ClCompile>
    <ClCompile Include="AutLib\CadSingularity\Detection\CadSingularity_Detection.cxx">
      <Filter>AutLib\CadSingularity\Detection</Filter>
    </ClCompile>
    <ClCompile Include="AutLib\CadSingularity\Detection\System\CadSingularity_Detection_System.cxx">
      <Filter>AutLib\CadSingularity\Detection\System</Filter>
    </ClCompile>
    <ClCompile Include="AutLib\CadSingularity\Detection\Base\G\CadSingularity_gDetection_Base.cxx">
      <Filter>AutLib\CadSingularity\Detection\Base\G</Filter>
    </ClCompile>
    <ClCompile Include="AutLib\CadSingularity\Detection\Base\T\CadSingularity_tDetection_Base.cxx">
      <Filter>AutLib\CadSingularity\Detection\Base\T</Filter>
    </ClCompile>
    <ClCompile Include="AutLib\CadSingularity\Detection\Base\T\CadSingularity_Detection_BaseM.cxx">
      <Filter>AutLib\CadSingularity\Detection\Base</Filter>
    </ClCompile>
  </ItemGroup>
</Project>