<?xml version="1.0" encoding="utf-8"?>
<Project ToolsVersion="4.0" xmlns="http://schemas.microsoft.com/developer/msbuild/2003">
  <ItemGroup>
    <Filter Include="AutLib">
      <UniqueIdentifier>{652b34e9-8dbc-4edc-931d-aaeeb9c4802d}</UniqueIdentifier>
    </Filter>
    <Filter Include="AutLib\MeshCurve">
      <UniqueIdentifier>{b1652bd0-26c4-4039-ac3d-a4f9f35ad142}</UniqueIdentifier>
    </Filter>
    <Filter Include="AutLib\MeshCurve\Entity">
      <UniqueIdentifier>{8e518fb8-02a0-407c-8854-87c4b1c6f71d}</UniqueIdentifier>
    </Filter>
    <Filter Include="AutLib\MeshCurve\OptmPoint">
      <UniqueIdentifier>{3f64ed8e-5acb-4b23-a161-55f8e22df289}</UniqueIdentifier>
    </Filter>
    <Filter Include="AutLib\MeshCurve\OptmPoint\Newton">
      <UniqueIdentifier>{ed5d8320-7f5f-4c63-9803-e147273a0f04}</UniqueIdentifier>
    </Filter>
    <Filter Include="AutLib\MeshCurve\OptmPoint\Correction">
      <UniqueIdentifier>{5e6ac934-b0d3-4afc-b65f-a722aebec683}</UniqueIdentifier>
    </Filter>
    <Filter Include="AutLib\MeshCurve\OptmPoint\Correction\Info">
      <UniqueIdentifier>{0f450885-3691-469d-9139-e663c1c60e59}</UniqueIdentifier>
    </Filter>
    <Filter Include="AutLib\MeshCurve\OptmPoint\Newton\Derivation">
      <UniqueIdentifier>{9e812ab4-84ed-4f31-8328-5dac89d6279c}</UniqueIdentifier>
    </Filter>
    <Filter Include="AutLib\MeshCurve\OptmPoint\Newton\Function">
      <UniqueIdentifier>{13f65094-2ca5-46a8-bb70-b088217bc483}</UniqueIdentifier>
    </Filter>
    <Filter Include="AutLib\MeshCurve\Curve">
      <UniqueIdentifier>{ab2d6d66-3789-4b82-8a0c-ef782d2128b2}</UniqueIdentifier>
    </Filter>
    <Filter Include="AutLib\MeshCurve\Curve\Info">
      <UniqueIdentifier>{4d754a20-b00e-49a1-8562-d605629bed34}</UniqueIdentifier>
    </Filter>
    <Filter Include="AutLib\MeshCurve\Length">
      <UniqueIdentifier>{fa715ca7-b953-49c4-ae1b-cd96d345f319}</UniqueIdentifier>
    </Filter>
    <Filter Include="AutLib\MeshCurve\Length\Function">
      <UniqueIdentifier>{2b82567a-ff95-4484-9b83-e5b435f8ddb4}</UniqueIdentifier>
    </Filter>
    <Filter Include="AutLib\MeshCurve\Entity\Iso">
      <UniqueIdentifier>{8bd842b1-59f2-4804-9b1d-231a786de199}</UniqueIdentifier>
    </Filter>
    <Filter Include="AutLib\MeshCurve\Entity\AnIso">
      <UniqueIdentifier>{84c9ef43-47b4-48fc-b82c-285cd09ac6ae}</UniqueIdentifier>
    </Filter>
    <Filter Include="AutLib\MeshCurve\Curve\Iso">
      <UniqueIdentifier>{1ffce931-f626-4850-b7cc-588366b19a82}</UniqueIdentifier>
    </Filter>
    <Filter Include="AutLib\MeshCurve\Curve\AnIso">
      <UniqueIdentifier>{b7178e19-38bf-416b-9a4a-1020e567e5d4}</UniqueIdentifier>
    </Filter>
    <Filter Include="AutLib\MeshCurve\Cad">
      <UniqueIdentifier>{796713f1-f073-4e36-97ad-90b8abc83d1d}</UniqueIdentifier>
    </Filter>
    <Filter Include="AutLib\MeshCurve\Cad\Curve">
      <UniqueIdentifier>{ae9e2dcf-6222-48bc-aba6-798fbcbb532f}</UniqueIdentifier>
    </Filter>
  </ItemGroup>
  <ItemGroup>
    <ClInclude Include="AutLib\MeshCurve\Entity\Mesh_CurveEntity.hxx">
      <Filter>AutLib\MeshCurve\Entity</Filter>
    </ClInclude>
    <ClInclude Include="AutLib\MeshCurve\Entity\Mesh_CurveEntityI.hxx">
      <Filter>AutLib\MeshCurve\Entity</Filter>
    </ClInclude>
    <ClInclude Include="AutLib\MeshCurve\OptmPoint\Correction\Info\Mesh_CurveOptmPoint_CorrectionInfo.hxx">
      <Filter>AutLib\MeshCurve\OptmPoint\Correction\Info</Filter>
    </ClInclude>
    <ClInclude Include="AutLib\MeshCurve\OptmPoint\Correction\Mesh_CurveOptmPoint_Correction.hxx">
      <Filter>AutLib\MeshCurve\OptmPoint\Correction</Filter>
    </ClInclude>
    <ClInclude Include="AutLib\MeshCurve\OptmPoint\Correction\Mesh_CurveOptmPoint_CorrectionI.hxx">
      <Filter>AutLib\MeshCurve\OptmPoint\Correction</Filter>
    </ClInclude>
    <ClInclude Include="AutLib\MeshCurve\OptmPoint\Newton\Function\Mesh_CurveOptmPoint_Newton_Function.hxx">
      <Filter>AutLib\MeshCurve\OptmPoint\Newton\Function</Filter>
    </ClInclude>
    <ClInclude Include="AutLib\MeshCurve\OptmPoint\Newton\Function\Mesh_CurveOptmPoint_Newton_FunctionI.hxx">
      <Filter>AutLib\MeshCurve\OptmPoint\Newton\Function</Filter>
    </ClInclude>
    <ClInclude Include="AutLib\MeshCurve\OptmPoint\Newton\Derivation\Mesh_CurveOptmPoint_Newton_Derivation.hxx">
      <Filter>AutLib\MeshCurve\OptmPoint\Newton\Derivation</Filter>
    </ClInclude>
    <ClInclude Include="AutLib\MeshCurve\OptmPoint\Newton\Derivation\Mesh_CurveOptmPoint_Newton_DerivationI.hxx">
      <Filter>AutLib\MeshCurve\OptmPoint\Newton\Derivation</Filter>
    </ClInclude>
    <ClInclude Include="AutLib\MeshCurve\OptmPoint\Newton\Mesh_CurveOptmPoint_Newton.hxx">
      <Filter>AutLib\MeshCurve\OptmPoint\Newton</Filter>
    </ClInclude>
    <ClInclude Include="AutLib\MeshCurve\OptmPoint\Newton\Mesh_CurveOptmPoint_NewtonI.hxx">
      <Filter>AutLib\MeshCurve\OptmPoint\Newton</Filter>
    </ClInclude>
    <ClInclude Include="AutLib\MeshCurve\Curve\Info\Mesh_CurveInfo.hxx">
      <Filter>AutLib\MeshCurve\Curve\Info</Filter>
    </ClInclude>
    <ClInclude Include="AutLib\MeshCurve\Curve\Mesh_Curve.hxx">
      <Filter>AutLib\MeshCurve\Curve</Filter>
    </ClInclude>
    <ClInclude Include="AutLib\MeshCurve\Curve\Mesh_CurveI.hxx">
      <Filter>AutLib\MeshCurve\Curve</Filter>
    </ClInclude>
    <ClInclude Include="AutLib\MeshCurve\Length\Mesh_CurveLength.hxx">
      <Filter>AutLib\MeshCurve\Length</Filter>
    </ClInclude>
    <ClInclude Include="AutLib\MeshCurve\Length\Mesh_CurveLengthI.hxx">
      <Filter>AutLib\MeshCurve\Length</Filter>
    </ClInclude>
    <ClInclude Include="AutLib\MeshCurve\Length\Function\Mesh_CurveLength_Function.hxx">
      <Filter>AutLib\MeshCurve\Length\Function</Filter>
    </ClInclude>
    <ClInclude Include="AutLib\MeshCurve\Length\Function\Mesh_CurveLength_FunctionI.hxx">
      <Filter>AutLib\MeshCurve\Length\Function</Filter>
    </ClInclude>
    <ClInclude Include="AutLib\MeshCurve\Entity\Iso\Mesh2d_CurveEntity.hxx">
      <Filter>AutLib\MeshCurve\Entity\Iso</Filter>
    </ClInclude>
    <ClInclude Include="AutLib\MeshCurve\Entity\AnIso\Mesh2d_CurveEntityAnIso.hxx">
      <Filter>AutLib\MeshCurve\Entity\AnIso</Filter>
    </ClInclude>
    <ClInclude Include="AutLib\MeshCurve\Curve\Iso\Mesh2d_Curve.hxx">
      <Filter>AutLib\MeshCurve\Curve\Iso</Filter>
    </ClInclude>
    <ClInclude Include="AutLib\MeshCurve\Curve\AnIso\Mesh2d_CurveAnIso.hxx">
      <Filter>AutLib\MeshCurve\Curve\AnIso</Filter>
    </ClInclude>
    <ClInclude Include="AutLib\MeshCurve\Cad\Curve\Mesh_PlnCurve.hxx">
      <Filter>AutLib\MeshCurve\Cad\Curve</Filter>
    </ClInclude>
    <ClInclude Include="AutLib\MeshCurve\Cad\Curve\Mesh_PlnCurveI.hxx">
      <Filter>AutLib\MeshCurve\Cad\Curve</Filter>
    </ClInclude>
  </ItemGroup>
  <ItemGroup>
    <ClCompile Include="AutLib\MeshCurve\Entity\Mesh_CurveEntity.cxx">
      <Filter>AutLib\MeshCurve\Entity</Filter>
    </ClCompile>
    <ClCompile Include="AutLib\MeshCurve\OptmPoint\Correction\Info\Mesh_CurveOptmPoint_CorrectionInfo.cxx">
      <Filter>AutLib\MeshCurve\OptmPoint\Correction\Info</Filter>
    </ClCompile>
    <ClCompile Include="AutLib\MeshCurve\OptmPoint\Correction\Mesh_CurveOptmPoint_Correction.cxx">
      <Filter>AutLib\MeshCurve\OptmPoint\Correction</Filter>
    </ClCompile>
    <ClCompile Include="AutLib\MeshCurve\OptmPoint\Newton\Function\Mesh_CurveOptmPoint_Newton_Function.cxx">
      <Filter>AutLib\MeshCurve\OptmPoint\Newton\Function</Filter>
    </ClCompile>
    <ClCompile Include="AutLib\MeshCurve\OptmPoint\Newton\Derivation\Mesh_CurveOptmPoint_Newton_Derivation.cxx">
      <Filter>AutLib\MeshCurve\OptmPoint\Newton\Derivation</Filter>
    </ClCompile>
    <ClCompile Include="AutLib\MeshCurve\OptmPoint\Newton\Mesh_CurveOptmPoint_Newton.cxx">
      <Filter>AutLib\MeshCurve\OptmPoint\Newton</Filter>
    </ClCompile>
    <ClCompile Include="AutLib\MeshCurve\Curve\Info\Mesh_CurveInfo.cxx">
      <Filter>AutLib\MeshCurve\Curve\Info</Filter>
    </ClCompile>
    <ClCompile Include="AutLib\MeshCurve\Curve\Mesh_Curve.cxx">
      <Filter>AutLib\MeshCurve\Curve</Filter>
    </ClCompile>
    <ClCompile Include="AutLib\MeshCurve\Length\Mesh_CurveLength.cxx">
      <Filter>AutLib\MeshCurve\Length</Filter>
    </ClCompile>
    <ClCompile Include="AutLib\MeshCurve\Length\Function\Mesh_CurveLength_Function.cxx">
      <Filter>AutLib\MeshCurve\Length\Function</Filter>
    </ClCompile>
    <ClCompile Include="AutLib\MeshCurve\Cad\Curve\Mesh_PlnCurve.cxx">
      <Filter>AutLib\MeshCurve\Cad\Curve</Filter>
    </ClCompile>
  </ItemGroup>
</Project>