<?xml version="1.0" encoding="utf-8"?>
<Project ToolsVersion="4.0" xmlns="http://schemas.microsoft.com/developer/msbuild/2003">
  <ItemGroup>
    <Filter Include="AutLib">
      <UniqueIdentifier>{01c8ac75-f88b-479d-89bf-5c8c56f7ab4c}</UniqueIdentifier>
    </Filter>
    <Filter Include="AutLib\Cad">
      <UniqueIdentifier>{1feed5ab-7b26-48db-83cd-c1a90dc13195}</UniqueIdentifier>
    </Filter>
    <Filter Include="AutLib\Cad\Entities">
      <UniqueIdentifier>{87419a4f-d049-4247-8dc2-68c5f6251869}</UniqueIdentifier>
    </Filter>
    <Filter Include="AutLib\Cad\Entities\Curve">
      <UniqueIdentifier>{684ae50a-bf17-4e0b-83a7-faab37aed3a3}</UniqueIdentifier>
    </Filter>
    <Filter Include="AutLib\Cad\Tools">
      <UniqueIdentifier>{5c3bbb7e-3469-4f79-b98c-a3c37d29724e}</UniqueIdentifier>
    </Filter>
    <Filter Include="AutLib\Cad\Serialization">
      <UniqueIdentifier>{85efde15-474d-4782-af77-1227867fdb08}</UniqueIdentifier>
    </Filter>
    <Filter Include="AutLib\Cascade">
      <UniqueIdentifier>{536c1236-cc65-4952-bf61-2a96d758f8ce}</UniqueIdentifier>
    </Filter>
    <Filter Include="AutLib\Cascade\IO">
      <UniqueIdentifier>{bbd8773e-5bec-41f5-87e2-e5e854b039f2}</UniqueIdentifier>
    </Filter>
    <Filter Include="AutLib\Cascade\IO\Format">
      <UniqueIdentifier>{1f027d6c-d6e5-4503-beee-b13be1cbf8c5}</UniqueIdentifier>
    </Filter>
    <Filter Include="AutLib\Cascade\IO\Format\System">
      <UniqueIdentifier>{df0fdae3-e704-4067-b741-81b65edb78a7}</UniqueIdentifier>
    </Filter>
    <Filter Include="AutLib\Cascade\Discrete">
      <UniqueIdentifier>{4effac75-51f7-456b-948e-8a111e81ba9e}</UniqueIdentifier>
    </Filter>
    <Filter Include="AutLib\Cascade\Discrete\System">
      <UniqueIdentifier>{475a3512-0065-4ed1-a142-83038a524cc9}</UniqueIdentifier>
    </Filter>
    <Filter Include="AutLib\Cascade\IO\Format\IGES">
      <UniqueIdentifier>{0e6152d4-f27b-4a5e-a738-8e0a34d0d83d}</UniqueIdentifier>
    </Filter>
    <Filter Include="AutLib\Cascade\IO\Format\STEP">
      <UniqueIdentifier>{eea66141-99db-4dfb-bf18-f2527c3dcaa0}</UniqueIdentifier>
    </Filter>
    <Filter Include="AutLib\Cad\Entities\Curve\Info">
      <UniqueIdentifier>{6e56bbda-04cf-4520-be97-c4889deced08}</UniqueIdentifier>
    </Filter>
    <Filter Include="AutLib\Cad\Entities\Curve\Traits">
      <UniqueIdentifier>{9e5c8904-9afe-46d7-88f0-da2e6c2585b7}</UniqueIdentifier>
    </Filter>
    <Filter Include="AutLib\Cad\Entities\Block">
      <UniqueIdentifier>{51f25c20-70b6-4b67-ad99-a6fee42e6a86}</UniqueIdentifier>
    </Filter>
    <Filter Include="AutLib\Cad\Entities\Manager">
      <UniqueIdentifier>{b2e89508-d6f9-42a7-b8f8-71903f71cdbf}</UniqueIdentifier>
    </Filter>
    <Filter Include="AutLib\Cad\Entities\Entity">
      <UniqueIdentifier>{ab086a0f-4959-486f-a8cf-b01c0e8e14e9}</UniqueIdentifier>
    </Filter>
    <Filter Include="AutLib\Cad\Plane">
      <UniqueIdentifier>{ddc985a6-891d-4c81-b879-f51b089df6c1}</UniqueIdentifier>
    </Filter>
    <Filter Include="AutLib\Cad\Plane\Entities">
      <UniqueIdentifier>{89537667-567f-4bc4-a451-e65206fa843f}</UniqueIdentifier>
    </Filter>
    <Filter Include="AutLib\Cad\Plane\Entities\Curve">
      <UniqueIdentifier>{3b17b77e-2972-44ed-81cb-550e096fc598}</UniqueIdentifier>
    </Filter>
    <Filter Include="AutLib\Cad\Plane\Entities\Edge">
      <UniqueIdentifier>{d5506c14-af22-4780-b73e-d1377aa90f49}</UniqueIdentifier>
    </Filter>
    <Filter Include="AutLib\Cad\Plane\Entities\Entity">
      <UniqueIdentifier>{3c969023-1e2b-4645-9973-01358adf08e3}</UniqueIdentifier>
    </Filter>
    <Filter Include="AutLib\Cad\Plane\Entities\Orientation">
      <UniqueIdentifier>{dd0ff2ec-1ae4-4e46-b702-81ed7be26f50}</UniqueIdentifier>
    </Filter>
    <Filter Include="AutLib\Cad\Plane\Entities\Ring">
      <UniqueIdentifier>{64468aeb-29e3-4765-b5f7-0d1c728bbc0a}</UniqueIdentifier>
    </Filter>
    <Filter Include="AutLib\Cad\Plane\Entities\Vertex">
      <UniqueIdentifier>{82df6337-9bab-4f84-919f-fa7d2cdba3da}</UniqueIdentifier>
    </Filter>
    <Filter Include="AutLib\Cad\Plane\Entities\Wire">
      <UniqueIdentifier>{9b750157-53e9-444e-a5fd-dc0e8483ff4d}</UniqueIdentifier>
    </Filter>
    <Filter Include="AutLib\Cad\Plane\Info">
      <UniqueIdentifier>{2d2dbc66-4394-4eb9-953d-6173d1a7dab6}</UniqueIdentifier>
    </Filter>
  </ItemGroup>
  <ItemGroup>
    <ClCompile Include="AutLib\Cascade\Discrete\System\FastDiscrete_Params.cxx">
      <Filter>AutLib\Cascade\Discrete\System</Filter>
    </ClCompile>
    <ClCompile Include="AutLib\Cascade\Discrete\FastDiscrete.cxx">
      <Filter>AutLib\Cascade\Discrete</Filter>
    </ClCompile>
    <ClCompile Include="AutLib\Cascade\IO\Format\IGES\IO_IGES.cxx">
      <Filter>AutLib\Cascade\IO\Format\IGES</Filter>
    </ClCompile>
    <ClCompile Include="AutLib\Cad\Tools\Cad_Tools.cxx">
      <Filter>AutLib\Cad\Tools</Filter>
    </ClCompile>
    <ClCompile Include="AutLib\Cascade\IO\Format\STEP\IO_STEP.cxx">
      <Filter>AutLib\Cascade\IO\Format\STEP</Filter>
    </ClCompile>
    <ClCompile Include="AutLib\Cad\Entities\Curve\Info\Cad_CurveInfo.cxx">
      <Filter>AutLib\Cad\Entities\Curve\Info</Filter>
    </ClCompile>
    <ClCompile Include="AutLib\Cad\Entities\Block\Cad_BlockEntity.cxx">
      <Filter>AutLib\Cad\Entities\Block</Filter>
    </ClCompile>
    <ClCompile Include="AutLib\Cad\Entities\Manager\Cad_EntityManager.cxx">
      <Filter>AutLib\Cad\Entities\Manager</Filter>
    </ClCompile>
    <ClCompile Include="AutLib\Cad\Plane\Entities\Curve\Pln_Curve.cxx">
      <Filter>AutLib\Cad\Plane\Entities\Curve</Filter>
    </ClCompile>
    <ClCompile Include="AutLib\Cad\Plane\Entities\Orientation\Pln_Orientation.cxx">
      <Filter>AutLib\Cad\Plane\Entities\Orientation</Filter>
    </ClCompile>
    <ClCompile Include="AutLib\Cad\Plane\Entities\Vertex\Pln_Vertex.cxx">
      <Filter>AutLib\Cad\Plane\Entities\Vertex</Filter>
    </ClCompile>
    <ClCompile Include="AutLib\Cad\Plane\Entities\Edge\Pln_Edge.cxx">
      <Filter>AutLib\Cad\Plane\Entities\Edge</Filter>
    </ClCompile>
    <ClCompile Include="AutLib\Cad\Plane\Entities\Wire\Pln_Wire.cxx">
      <Filter>AutLib\Cad\Plane\Entities\Wire</Filter>
    </ClCompile>
    <ClCompile Include="AutLib\Cad\Plane\Info\Cad2d_PlaneInfo.cxx">
      <Filter>AutLib\Cad\Plane\Info</Filter>
    </ClCompile>
    <ClCompile Include="AutLib\Cad\Plane\Cad2d_Plane.cxx">
      <Filter>AutLib\Cad\Plane</Filter>
    </ClCompile>
  </ItemGroup>
  <ItemGroup>
    <ClInclude Include="AutLib\Cad\Serialization\Cad_Serialization.hxx">
      <Filter>AutLib\Cad\Serialization</Filter>
    </ClInclude>
    <ClInclude Include="AutLib\Cascade\IO\Format\System\IO_Config.hxx">
      <Filter>AutLib\Cascade\IO\Format\System</Filter>
    </ClInclude>
    <ClInclude Include="AutLib\Cascade\Discrete\System\FastDiscrete_Params.hxx">
      <Filter>AutLib\Cascade\Discrete\System</Filter>
    </ClInclude>
    <ClInclude Include="AutLib\Cascade\Discrete\FastDiscrete.hxx">
      <Filter>AutLib\Cascade\Discrete</Filter>
    </ClInclude>
    <ClInclude Include="AutLib\Cascade\IO\Format\System\IO_Info.hxx">
      <Filter>AutLib\Cascade\IO\Format\System</Filter>
    </ClInclude>
    <ClInclude Include="AutLib\Cascade\IO\Format\System\IO_Shape.hxx">
      <Filter>AutLib\Cascade\IO\Format\System</Filter>
    </ClInclude>
    <ClInclude Include="AutLib\Cascade\IO\Format\IGES\IO_IGES.hxx">
      <Filter>AutLib\Cascade\IO\Format\IGES</Filter>
    </ClInclude>
    <ClInclude Include="AutLib\Cad\Tools\Cad_Tools.hxx">
      <Filter>AutLib\Cad\Tools</Filter>
    </ClInclude>
    <ClInclude Include="AutLib\Cascade\IO\Format\STEP\IO_STEP.hxx">
      <Filter>AutLib\Cascade\IO\Format\STEP</Filter>
    </ClInclude>
    <ClInclude Include="AutLib\Cad\Entities\Curve\Info\Cad_CurveInfo.hxx">
      <Filter>AutLib\Cad\Entities\Curve\Info</Filter>
    </ClInclude>
    <ClInclude Include="AutLib\Cad\Entities\Curve\Cad_Curve.hxx">
      <Filter>AutLib\Cad\Entities\Curve</Filter>
    </ClInclude>
    <ClInclude Include="AutLib\Cad\Entities\Entity\Cad_EntityPrecision.hxx">
      <Filter>AutLib\Cad\Entities\Entity</Filter>
    </ClInclude>
    <ClInclude Include="AutLib\Cad\Entities\Entity\Cad_Entity.hxx">
      <Filter>AutLib\Cad\Entities\Entity</Filter>
    </ClInclude>
    <ClInclude Include="AutLib\Cad\Entities\Block\Cad_BlockEntity.hxx">
      <Filter>AutLib\Cad\Entities\Block</Filter>
    </ClInclude>
    <ClInclude Include="AutLib\Cad\Entities\Block\Cad_BlockEntityI.hxx">
      <Filter>AutLib\Cad\Entities\Block</Filter>
    </ClInclude>
    <ClInclude Include="AutLib\Cad\Entities\Manager\Cad_EntityManager.hxx">
      <Filter>AutLib\Cad\Entities\Manager</Filter>
    </ClInclude>
    <ClInclude Include="AutLib\Cad\Entities\Manager\Cad_EntityManagerI.hxx">
      <Filter>AutLib\Cad\Entities\Manager</Filter>
    </ClInclude>
    <ClInclude Include="AutLib\Cad\Plane\Entities\Curve\Pln_Curve.hxx">
      <Filter>AutLib\Cad\Plane\Entities\Curve</Filter>
    </ClInclude>
    <ClInclude Include="AutLib\Cad\Plane\Entities\Entity\Pln_Entity.hxx">
      <Filter>AutLib\Cad\Plane\Entities\Entity</Filter>
    </ClInclude>
    <ClInclude Include="AutLib\Cad\Plane\Entities\Orientation\Pln_Orientation.hxx">
      <Filter>AutLib\Cad\Plane\Entities\Orientation</Filter>
    </ClInclude>
    <ClInclude Include="AutLib\Cad\Plane\Entities\Vertex\Pln_Vertex.hxx">
      <Filter>AutLib\Cad\Plane\Entities\Vertex</Filter>
    </ClInclude>
    <ClInclude Include="AutLib\Cad\Plane\Entities\Edge\Pln_Edge.hxx">
      <Filter>AutLib\Cad\Plane\Entities\Edge</Filter>
    </ClInclude>
    <ClInclude Include="AutLib\Cad\Plane\Entities\Ring\Pln_Ring.hxx">
      <Filter>AutLib\Cad\Plane\Entities\Ring</Filter>
    </ClInclude>
    <ClInclude Include="AutLib\Cad\Plane\Entities\Wire\Pln_Wire.hxx">
      <Filter>AutLib\Cad\Plane\Entities\Wire</Filter>
    </ClInclude>
    <ClInclude Include="AutLib\Cad\Plane\Info\Cad2d_PlaneInfo.hxx">
      <Filter>AutLib\Cad\Plane\Info</Filter>
    </ClInclude>
    <ClInclude Include="AutLib\Cad\Plane\Cad2d_Plane.hxx">
      <Filter>AutLib\Cad\Plane</Filter>
    </ClInclude>
  </ItemGroup>
</Project>